<?xml version="1.0" encoding="utf-8"?>
<Project ToolsVersion="4.0" xmlns="http://schemas.microsoft.com/developer/msbuild/2003">
  <ItemGroup>
    <Filter Include="overlay">
      <UniqueIdentifier>{b26ed986-c240-4b44-a1cd-ec2a40b3c7f3}</UniqueIdentifier>
    </Filter>
    <Filter Include="history">
      <UniqueIdentifier>{2da1159b-be14-429e-be19-e0447082b844}</UniqueIdentifier>
    </Filter>
    <Filter Include="ledger">
      <UniqueIdentifier>{89a037c6-770c-4df9-aa5e-3f963a001da3}</UniqueIdentifier>
    </Filter>
    <Filter Include="bucket">
      <UniqueIdentifier>{83ce5e44-5de9-452b-a707-780112922d21}</UniqueIdentifier>
    </Filter>
    <Filter Include="main">
      <UniqueIdentifier>{0dee9511-d4e9-44ba-b7d5-9bec41ec4143}</UniqueIdentifier>
    </Filter>
    <Filter Include="lib">
      <UniqueIdentifier>{5ce9b128-ab1f-437c-8b2b-f726dfe7070e}</UniqueIdentifier>
    </Filter>
    <Filter Include="lib\util">
      <UniqueIdentifier>{886e9509-78a3-4d16-9b96-110c4849223d}</UniqueIdentifier>
    </Filter>
    <Filter Include="transactions">
      <UniqueIdentifier>{4545a642-5678-463c-a1b1-33e66fc6f809}</UniqueIdentifier>
    </Filter>
    <Filter Include="docs">
      <UniqueIdentifier>{b0b4abb7-5c4b-4d72-8529-30f235d36c68}</UniqueIdentifier>
    </Filter>
    <Filter Include="lib\http">
      <UniqueIdentifier>{82364e95-f6c1-4df2-b169-f1ee8982aaa5}</UniqueIdentifier>
    </Filter>
    <Filter Include="process">
      <UniqueIdentifier>{dfcbc766-c389-4f89-84ab-ed48a177c74d}</UniqueIdentifier>
    </Filter>
    <Filter Include="util">
      <UniqueIdentifier>{9a90f557-0d93-4794-a2ad-694cc0968282}</UniqueIdentifier>
    </Filter>
    <Filter Include="crypto">
      <UniqueIdentifier>{ca69df68-9e2f-4688-b4de-977e0288ecad}</UniqueIdentifier>
    </Filter>
    <Filter Include="lib\json">
      <UniqueIdentifier>{353dbdb6-b0a3-41ee-9af5-b46403f495d7}</UniqueIdentifier>
    </Filter>
    <Filter Include="database">
      <UniqueIdentifier>{88bc05c7-da04-4654-af79-dc9fc022e17e}</UniqueIdentifier>
    </Filter>
    <Filter Include="lib\xdrpp">
      <UniqueIdentifier>{e9644fa5-096e-42f1-93e0-c462e377a6c9}</UniqueIdentifier>
    </Filter>
    <Filter Include="history\tests">
      <UniqueIdentifier>{3ad6e2f5-3afc-44cb-87a4-8ef0780ec071}</UniqueIdentifier>
    </Filter>
    <Filter Include="main\tests">
      <UniqueIdentifier>{82cf7520-3e3b-4280-b3ca-e681b940451c}</UniqueIdentifier>
    </Filter>
    <Filter Include="ledger\tests">
      <UniqueIdentifier>{20d51c0a-e9bd-49ac-960e-ea1055651ed4}</UniqueIdentifier>
    </Filter>
    <Filter Include="herder">
      <UniqueIdentifier>{951355b1-432c-4dbe-87c0-bf77b6fab706}</UniqueIdentifier>
    </Filter>
    <Filter Include="xdr">
      <UniqueIdentifier>{fe536180-763e-40aa-8c30-2a100a064b94}</UniqueIdentifier>
    </Filter>
    <Filter Include="simulation">
      <UniqueIdentifier>{5da37d0f-0d0e-4f17-a7b4-5463b0ccc0a9}</UniqueIdentifier>
    </Filter>
    <Filter Include="bucket\tests">
      <UniqueIdentifier>{86be4089-9cdf-49d8-9d3f-4f8712a6560c}</UniqueIdentifier>
    </Filter>
    <Filter Include="herder\tests">
      <UniqueIdentifier>{eda15f5e-847b-4167-93ae-e508b7fc009b}</UniqueIdentifier>
    </Filter>
    <Filter Include="scp">
      <UniqueIdentifier>{0cf920e3-5232-4c4e-8b79-25ec2c8f86ce}</UniqueIdentifier>
    </Filter>
    <Filter Include="herder\docs">
      <UniqueIdentifier>{aa45d521-588a-4f8f-b737-d3667c7d9404}</UniqueIdentifier>
    </Filter>
    <Filter Include="xdr\generated">
      <UniqueIdentifier>{02035318-e72a-43b0-a250-8b3af9fb4bbf}</UniqueIdentifier>
    </Filter>
    <Filter Include="scp\tests">
      <UniqueIdentifier>{34037c6d-2c07-471b-8dde-6b69003d4ca7}</UniqueIdentifier>
    </Filter>
    <Filter Include="overlay\tests">
      <UniqueIdentifier>{c9352652-3868-4d3d-9663-cb7f68f6ecf8}</UniqueIdentifier>
    </Filter>
    <Filter Include="work">
      <UniqueIdentifier>{5b7c914e-a53b-4ac8-9d59-4eb0a63d4e64}</UniqueIdentifier>
    </Filter>
    <Filter Include="invariant">
      <UniqueIdentifier>{b2d4dd1b-c327-4823-a8d6-0fe4d2648576}</UniqueIdentifier>
    </Filter>
    <Filter Include="transactions\manage_asset">
      <UniqueIdentifier>{ee6ed6e2-c5a1-44fd-a651-862454ac3eea}</UniqueIdentifier>
    </Filter>
    <Filter Include="transactions\issuance">
      <UniqueIdentifier>{afdffe4f-f3a3-4484-b873-7eacc3560f1c}</UniqueIdentifier>
    </Filter>
    <Filter Include="transactions\review_request">
      <UniqueIdentifier>{103da0e6-b055-4d1b-8151-0b5e67697170}</UniqueIdentifier>
    </Filter>
    <Filter Include="transactions\test">
      <UniqueIdentifier>{fde6dbe4-621c-41ab-b1fc-cc28d741966a}</UniqueIdentifier>
    </Filter>
    <Filter Include="transactions\test\helper">
      <UniqueIdentifier>{23c65bbc-34e6-486b-91bf-1fd7959df62d}</UniqueIdentifier>
    </Filter>
    <Filter Include="exsysidgen">
      <UniqueIdentifier>{fc723017-8941-498f-b5ed-a37fe1f55483}</UniqueIdentifier>
    </Filter>
    <Filter Include="transactions\dex">
      <UniqueIdentifier>{4671c235-b187-4df4-afb6-7cd5fdcdea26}</UniqueIdentifier>
    </Filter>
    <Filter Include="lib\coincore">
      <UniqueIdentifier>{740bc483-f03e-4677-ae98-73d0fca18a8b}</UniqueIdentifier>
    </Filter>
    <Filter Include="lib\coincore\hashfunc">
      <UniqueIdentifier>{91d7d631-0e93-40ce-bbd2-1bedd110bdfe}</UniqueIdentifier>
    </Filter>
    <Filter Include="transactions\kyc">
      <UniqueIdentifier>{29e6bc01-600f-48ea-9bec-1442464f8b4f}</UniqueIdentifier>
    </Filter>
    <Filter Include="transactions\payment">
      <UniqueIdentifier>{4f0d87a5-983c-4b3a-82ba-82845fb2d834}</UniqueIdentifier>
    </Filter>
    <Filter Include="transactions\manage_external_system_account_id_pool">
      <UniqueIdentifier>{6aec5968-a2d4-45ca-9415-9be83be0841c}</UniqueIdentifier>
    </Filter>
    <Filter Include="transactions\test\mocks">
      <UniqueIdentifier>{5b541ac1-a0a0-4eae-9970-d0e4d1980f4e}</UniqueIdentifier>
    </Filter>
    <Filter Include="transactions\test\unit">
      <UniqueIdentifier>{acd017e7-ed50-4d24-b65d-90d039fd5123}</UniqueIdentifier>
    </Filter>
  </ItemGroup>
  <ItemGroup>
    <ClCompile Include="..\..\src\ledger\LedgerManagerImpl.cpp">
      <Filter>ledger</Filter>
    </ClCompile>
    <ClCompile Include="..\..\src\main\Application.cpp">
      <Filter>main</Filter>
    </ClCompile>
    <ClCompile Include="..\..\src\main\main.cpp">
      <Filter>main</Filter>
    </ClCompile>
    <ClCompile Include="..\..\src\overlay\Floodgate.cpp">
      <Filter>overlay</Filter>
    </ClCompile>
    <ClCompile Include="..\..\src\overlay\ItemFetcher.cpp">
      <Filter>overlay</Filter>
    </ClCompile>
    <ClCompile Include="..\..\src\overlay\Peer.cpp">
      <Filter>overlay</Filter>
    </ClCompile>
    <ClCompile Include="..\..\src\overlay\PeerDoor.cpp">
      <Filter>overlay</Filter>
    </ClCompile>
    <ClCompile Include="..\..\src\overlay\OverlayManagerImpl.cpp">
      <Filter>overlay</Filter>
    </ClCompile>
    <ClCompile Include="..\..\src\bucket\BucketList.cpp">
      <Filter>bucket</Filter>
    </ClCompile>
    <ClCompile Include="..\..\src\main\Config.cpp">
      <Filter>main</Filter>
    </ClCompile>
    <ClCompile Include="..\..\lib\util\getopt_long.c">
      <Filter>lib\util</Filter>
    </ClCompile>
    <ClCompile Include="..\..\src\overlay\LoopbackPeer.cpp">
      <Filter>overlay</Filter>
    </ClCompile>
    <ClCompile Include="..\..\src\overlay\TCPPeer.cpp">
      <Filter>overlay</Filter>
    </ClCompile>
    <ClCompile Include="..\..\lib\http\connection.cpp">
      <Filter>lib\http</Filter>
    </ClCompile>
    <ClCompile Include="..\..\lib\http\connection_manager.cpp">
      <Filter>lib\http</Filter>
    </ClCompile>
    <ClCompile Include="..\..\lib\http\reply.cpp">
      <Filter>lib\http</Filter>
    </ClCompile>
    <ClCompile Include="..\..\lib\http\request_parser.cpp">
      <Filter>lib\http</Filter>
    </ClCompile>
    <ClCompile Include="..\..\lib\http\server.cpp">
      <Filter>lib\http</Filter>
    </ClCompile>
    <ClCompile Include="..\..\lib\http\HttpClient.cpp">
      <Filter>lib\http</Filter>
    </ClCompile>
    <ClCompile Include="..\..\src\main\CommandHandler.cpp">
      <Filter>main</Filter>
    </ClCompile>
    <ClCompile Include="..\..\src\history\HistoryManagerImpl.cpp">
      <Filter>history</Filter>
    </ClCompile>
    <ClCompile Include="..\..\src\process\ProcessManagerImpl.cpp">
      <Filter>process</Filter>
    </ClCompile>
    <ClCompile Include="..\..\src\process\ProcessTests.cpp">
      <Filter>process</Filter>
    </ClCompile>
    <ClCompile Include="..\..\src\util\types.cpp">
      <Filter>util</Filter>
    </ClCompile>
    <ClCompile Include="..\..\src\util\Logging.cpp">
      <Filter>util</Filter>
    </ClCompile>
    <ClCompile Include="..\..\src\util\Timer.cpp">
      <Filter>util</Filter>
    </ClCompile>
    <ClCompile Include="..\..\lib\json\jsoncpp.cpp">
      <Filter>lib\json</Filter>
    </ClCompile>
    <ClCompile Include="..\..\src\ledger\LedgerDelta.cpp">
      <Filter>ledger</Filter>
    </ClCompile>
    <ClCompile Include="..\..\src\history\HistoryArchive.cpp">
      <Filter>history</Filter>
    </ClCompile>
    <ClCompile Include="..\..\src\crypto\CryptoTests.cpp">
      <Filter>crypto</Filter>
    </ClCompile>
    <ClCompile Include="..\..\src\database\Database.cpp">
      <Filter>database</Filter>
    </ClCompile>
    <ClCompile Include="..\..\src\database\DatabaseTests.cpp">
      <Filter>database</Filter>
    </ClCompile>
    <ClCompile Include="..\..\lib\xdrpp\tests\marshal.cc">
      <Filter>lib\xdrpp</Filter>
    </ClCompile>
    <ClCompile Include="..\..\lib\xdrpp\tests\arpc.cc">
      <Filter>lib\xdrpp</Filter>
    </ClCompile>
    <ClCompile Include="..\..\lib\xdrpp\tests\autocheck.cc">
      <Filter>lib\xdrpp</Filter>
    </ClCompile>
    <ClCompile Include="..\..\lib\xdrpp\tests\cereal.cc">
      <Filter>lib\xdrpp</Filter>
    </ClCompile>
    <ClCompile Include="..\..\lib\xdrpp\tests\compare.cc">
      <Filter>lib\xdrpp</Filter>
    </ClCompile>
    <ClCompile Include="..\..\lib\xdrpp\tests\listener.cc">
      <Filter>lib\xdrpp</Filter>
    </ClCompile>
    <ClCompile Include="..\..\lib\xdrpp\tests\msgsock.cc">
      <Filter>lib\xdrpp</Filter>
    </ClCompile>
    <ClCompile Include="..\..\lib\xdrpp\tests\printer.cc">
      <Filter>lib\xdrpp</Filter>
    </ClCompile>
    <ClCompile Include="..\..\lib\xdrpp\tests\srpc.cc">
      <Filter>lib\xdrpp</Filter>
    </ClCompile>
    <ClCompile Include="..\..\src\ledger\AccountFrame.cpp">
      <Filter>ledger</Filter>
    </ClCompile>
    <ClCompile Include="..\..\src\ledger\EntryFrame.cpp">
      <Filter>ledger</Filter>
    </ClCompile>
    <ClCompile Include="..\..\src\transactions\TransactionFrame.cpp">
      <Filter>transactions</Filter>
    </ClCompile>
    <ClCompile Include="..\..\src\transactions\SetOptionsOpFrame.cpp">
      <Filter>transactions</Filter>
    </ClCompile>
    <ClCompile Include="..\..\src\crypto\Hex.cpp">
      <Filter>crypto</Filter>
    </ClCompile>
    <ClCompile Include="..\..\src\crypto\SHA.cpp">
      <Filter>crypto</Filter>
    </ClCompile>
    <ClCompile Include="..\..\lib\util\format.cc">
      <Filter>lib\util</Filter>
    </ClCompile>
    <ClCompile Include="..\..\src\crypto\SecretKey.cpp">
      <Filter>crypto</Filter>
    </ClCompile>
    <ClCompile Include="..\..\lib\asio\src\asio.cpp">
      <Filter>lib</Filter>
    </ClCompile>
    <ClCompile Include="..\..\src\bucket\BucketManagerImpl.cpp">
      <Filter>bucket</Filter>
    </ClCompile>
    <ClCompile Include="..\..\lib\util\uint128_t.cpp">
      <Filter>lib\util</Filter>
    </ClCompile>
    <ClCompile Include="..\..\src\util\Uint128Tests.cpp">
      <Filter>util</Filter>
    </ClCompile>
    <ClCompile Include="..\..\src\ledger\LedgerHeaderFrame.cpp">
      <Filter>ledger</Filter>
    </ClCompile>
    <ClCompile Include="..\..\src\history\HistoryTests.cpp">
      <Filter>history\tests</Filter>
    </ClCompile>
    <ClCompile Include="..\..\src\main\test.cpp">
      <Filter>main\tests</Filter>
    </ClCompile>
    <ClCompile Include="..\..\src\ledger\LedgerHeaderTests.cpp">
      <Filter>ledger\tests</Filter>
    </ClCompile>
    <ClCompile Include="..\..\src\util\TmpDir.cpp">
      <Filter>util</Filter>
    </ClCompile>
    <ClCompile Include="..\..\src\crypto\Random.cpp">
      <Filter>crypto</Filter>
    </ClCompile>
    <ClCompile Include="..\..\src\herder\HerderImpl.cpp">
      <Filter>herder</Filter>
    </ClCompile>
    <ClCompile Include="..\..\src\herder\TxSetFrame.cpp">
      <Filter>herder</Filter>
    </ClCompile>
    <ClCompile Include="..\..\src\util\TimerTests.cpp">
      <Filter>util</Filter>
    </ClCompile>
    <ClCompile Include="..\..\src\simulation\Simulation.cpp">
      <Filter>simulation</Filter>
    </ClCompile>
    <ClCompile Include="..\..\src\util\Math.cpp">
      <Filter>util</Filter>
    </ClCompile>
    <ClCompile Include="..\..\src\bucket\Bucket.cpp">
      <Filter>bucket</Filter>
    </ClCompile>
    <ClCompile Include="..\..\src\bucket\BucketTests.cpp">
      <Filter>bucket\tests</Filter>
    </ClCompile>
    <ClCompile Include="..\..\src\simulation\CoreTests.cpp">
      <Filter>simulation</Filter>
    </ClCompile>
    <ClCompile Include="..\..\src\herder\HerderTests.cpp">
      <Filter>herder\tests</Filter>
    </ClCompile>
    <ClCompile Include="..\..\src\overlay\PeerRecord.cpp">
      <Filter>overlay</Filter>
    </ClCompile>
    <ClCompile Include="..\..\src\ledger\LedgerTests.cpp">
      <Filter>ledger\tests</Filter>
    </ClCompile>
    <ClCompile Include="..\..\src\main\ApplicationImpl.cpp">
      <Filter>main</Filter>
    </ClCompile>
    <ClCompile Include="..\..\src\main\Application.cpp">
      <Filter>main</Filter>
    </ClCompile>
    <ClCompile Include="..\..\src\simulation\Topologies.cpp">
      <Filter>simulation</Filter>
    </ClCompile>
    <ClCompile Include="..\..\src\history\FileTransferInfo.cpp">
      <Filter>history</Filter>
    </ClCompile>
    <ClCompile Include="..\..\src\main\PersistentState.cpp">
      <Filter>main</Filter>
    </ClCompile>
    <ClCompile Include="..\..\src\transactions\OperationFrame.cpp">
      <Filter>transactions</Filter>
    </ClCompile>
    <ClCompile Include="..\..\src\scp\SCP.cpp">
      <Filter>scp</Filter>
    </ClCompile>
    <ClCompile Include="..\..\src\scp\Slot.cpp">
      <Filter>scp</Filter>
    </ClCompile>
    <ClCompile Include="..\..\src\util\Fs.cpp">
      <Filter>util</Filter>
    </ClCompile>
    <ClCompile Include="..\..\src\ledger\LedgerPerformanceTests.cpp">
      <Filter>ledger\tests</Filter>
    </ClCompile>
    <ClCompile Include="..\..\src\util\GlobalChecks.cpp">
      <Filter>util</Filter>
    </ClCompile>
    <ClCompile Include="..\..\src\main\fuzz.cpp">
      <Filter>main\tests</Filter>
    </ClCompile>
    <ClCompile Include="..\..\src\herder\Herder.cpp">
      <Filter>herder</Filter>
    </ClCompile>
    <ClCompile Include="..\..\src\bucket\FutureBucket.cpp">
      <Filter>bucket</Filter>
    </ClCompile>
    <ClCompile Include="..\..\src\herder\PendingEnvelopes.cpp">
      <Filter>herder</Filter>
    </ClCompile>
    <ClCompile Include="..\..\src\util\HashOfHash.cpp">
      <Filter>util</Filter>
    </ClCompile>
    <ClCompile Include="..\..\src\transactions\CreateAccountOpFrame.cpp">
      <Filter>transactions</Filter>
    </ClCompile>
    <ClCompile Include="..\..\src\simulation\LoadGenerator.cpp">
      <Filter>simulation</Filter>
    </ClCompile>
    <ClCompile Include="..\..\src\scp\BallotProtocol.cpp">
      <Filter>scp</Filter>
    </ClCompile>
    <ClCompile Include="..\..\src\scp\NominationProtocol.cpp">
      <Filter>scp</Filter>
    </ClCompile>
    <ClCompile Include="..\..\src\scp\LocalNode.cpp">
      <Filter>scp</Filter>
    </ClCompile>
    <ClCompile Include="..\..\src\scp\SCPDriver.cpp">
      <Filter>scp</Filter>
    </ClCompile>
    <ClCompile Include="..\..\src\herder\LedgerCloseData.cpp">
      <Filter>herder</Filter>
    </ClCompile>
    <ClCompile Include="..\..\src\scp\SCPUnitTests.cpp">
      <Filter>scp</Filter>
    </ClCompile>
    <ClCompile Include="..\..\lib\util\crc16.cpp">
      <Filter>util</Filter>
    </ClCompile>
    <ClCompile Include="..\..\src\crypto\StrKey.cpp">
      <Filter>crypto</Filter>
    </ClCompile>
    <ClCompile Include="..\..\src\main\dumpxdr.cpp">
      <Filter>main</Filter>
    </ClCompile>
    <ClCompile Include="..\..\src\main\ExternalQueue.cpp">
      <Filter>main</Filter>
    </ClCompile>
    <ClCompile Include="..\..\src\ledger\LedgerEntryTests.cpp">
      <Filter>ledger\tests</Filter>
    </ClCompile>
    <ClCompile Include="..\..\src\ledger\LedgerTestUtils.cpp">
      <Filter>ledger\tests</Filter>
    </ClCompile>
    <ClCompile Include="..\..\src\overlay\PeerAuth.cpp">
      <Filter>overlay</Filter>
    </ClCompile>
    <ClCompile Include="..\..\src\crypto\ECDH.cpp">
      <Filter>crypto</Filter>
    </ClCompile>
    <ClCompile Include="..\..\src\scp\SCPTests.cpp">
      <Filter>scp\tests</Filter>
    </ClCompile>
    <ClCompile Include="..\..\src\overlay\LoadManager.cpp">
      <Filter>overlay</Filter>
    </ClCompile>
    <ClCompile Include="..\..\src\overlay\ItemFetcherTests.cpp">
      <Filter>overlay\tests</Filter>
    </ClCompile>
    <ClCompile Include="..\..\src\overlay\OverlayManagerTests.cpp">
      <Filter>overlay\tests</Filter>
    </ClCompile>
    <ClCompile Include="..\..\src\overlay\PeerRecordTests.cpp">
      <Filter>overlay\tests</Filter>
    </ClCompile>
    <ClCompile Include="..\..\src\overlay\OverlayTests.cpp">
      <Filter>overlay\tests</Filter>
    </ClCompile>
    <ClCompile Include="..\..\src\overlay\TCPPeerTests.cpp">
      <Filter>overlay\tests</Filter>
    </ClCompile>
    <ClCompile Include="..\..\src\overlay\FloodTests.cpp">
      <Filter>overlay\tests</Filter>
    </ClCompile>
    <ClCompile Include="..\..\src\ledger\LedgerDeltaTests.cpp">
      <Filter>ledger\tests</Filter>
    </ClCompile>
    <ClCompile Include="..\..\src\history\StateSnapshot.cpp">
      <Filter>history</Filter>
    </ClCompile>
    <ClCompile Include="..\..\src\work\Work.cpp">
      <Filter>work</Filter>
    </ClCompile>
    <ClCompile Include="..\..\src\work\WorkManagerImpl.cpp">
      <Filter>work</Filter>
    </ClCompile>
    <ClCompile Include="..\..\src\work\WorkParent.cpp">
      <Filter>work</Filter>
    </ClCompile>
    <ClCompile Include="..\..\src\work\WorkTests.cpp">
      <Filter>work</Filter>
    </ClCompile>
    <ClCompile Include="..\..\src\history\HistoryWork.cpp">
      <Filter>history</Filter>
    </ClCompile>
    <ClCompile Include="..\..\src\bucket\BucketApplicator.cpp">
      <Filter>bucket</Filter>
    </ClCompile>
    <ClCompile Include="..\..\src\history\InferredQuorum.cpp">
      <Filter>history</Filter>
    </ClCompile>
    <ClCompile Include="..\..\src\history\InferredQuorumTests.cpp">
      <Filter>history\tests</Filter>
    </ClCompile>
    <ClCompile Include="..\..\src\util\BitsetEnumerator.cpp">
      <Filter>util</Filter>
    </ClCompile>
    <ClCompile Include="..\..\src\util\BitsetEnumeratorTests.cpp">
      <Filter>util</Filter>
    </ClCompile>
    <ClCompile Include="..\..\src\overlay\BanManagerImpl.cpp">
      <Filter>overlay</Filter>
    </ClCompile>
    <ClCompile Include="..\..\src\main\NtpSynchronizationChecker.cpp">
      <Filter>main</Filter>
    </ClCompile>
    <ClCompile Include="..\..\src\util\NtpClient.cpp">
      <Filter>util</Filter>
    </ClCompile>
    <ClCompile Include="..\..\src\util\NtpWork.cpp">
      <Filter>util</Filter>
    </ClCompile>
    <ClCompile Include="..\..\src\util\StatusManager.cpp">
      <Filter>util</Filter>
    </ClCompile>
    <ClCompile Include="..\..\src\transactions\SignatureValidator.cpp">
      <Filter>transactions</Filter>
    </ClCompile>
    <ClCompile Include="..\..\src\ledger\FeeFrame.cpp">
      <Filter>ledger</Filter>
    </ClCompile>
    <ClCompile Include="..\..\src\transactions\SetFeesOpFrame.cpp">
      <Filter>transactions</Filter>
    </ClCompile>
    <ClCompile Include="..\..\src\transactions\ManageAccountOpFrame.cpp">
      <Filter>transactions</Filter>
    </ClCompile>
    <ClCompile Include="..\..\src\ledger\BalanceFrame.cpp">
      <Filter>ledger</Filter>
    </ClCompile>
    <ClCompile Include="..\..\src\ledger\PaymentRequestFrame.cpp">
      <Filter>ledger</Filter>
    </ClCompile>
    <ClCompile Include="..\..\src\ledger\AssetFrame.cpp">
      <Filter>ledger</Filter>
    </ClCompile>
    <ClCompile Include="..\..\src\transactions\ManageBalanceOpFrame.cpp">
      <Filter>transactions</Filter>
    </ClCompile>
    <ClCompile Include="..\..\src\ledger\AccountTypeLimitsFrame.cpp">
      <Filter>ledger</Filter>
    </ClCompile>
    <ClCompile Include="..\..\src\ledger\StatisticsFrame.cpp">
      <Filter>ledger</Filter>
    </ClCompile>
    <ClCompile Include="..\..\src\transactions\AccountManager.cpp">
      <Filter>transactions</Filter>
    </ClCompile>
    <ClCompile Include="..\..\src\ledger\AssetPairFrame.cpp">
      <Filter>ledger</Filter>
    </ClCompile>
    <ClCompile Include="..\..\src\transactions\ManageAssetPairOpFrame.cpp">
      <Filter>transactions</Filter>
    </ClCompile>
    <ClCompile Include="..\..\src\ledger\OfferFrame.cpp">
      <Filter>ledger</Filter>
    </ClCompile>
    <ClCompile Include="..\..\src\ledger\AccountLimitsFrame.cpp">
      <Filter>ledger</Filter>
    </ClCompile>
    <ClCompile Include="..\..\src\ledger\TrustFrame.cpp">
      <Filter>ledger</Filter>
    </ClCompile>
    <ClCompile Include="..\..\src\transactions\DirectDebitOpFrame.cpp">
      <Filter>transactions</Filter>
    </ClCompile>
    <ClCompile Include="..\..\src\ledger\InvoiceFrame.cpp">
      <Filter>ledger</Filter>
    </ClCompile>
    <ClCompile Include="..\..\src\transactions\ManageInvoiceOpFrame.cpp">
      <Filter>transactions</Filter>
    </ClCompile>
    <ClCompile Include="..\..\src\invariant\CacheIsConsistentWithDatabase.cpp">
      <Filter>invariant</Filter>
    </ClCompile>
    <ClCompile Include="..\..\src\invariant\Invariant.cpp">
      <Filter>invariant</Filter>
    </ClCompile>
    <ClCompile Include="..\..\src\invariant\InvariantDoesNotHold.cpp">
      <Filter>invariant</Filter>
    </ClCompile>
    <ClCompile Include="..\..\src\invariant\Invariants.cpp">
      <Filter>invariant</Filter>
    </ClCompile>
    <ClCompile Include="..\..\src\ledger\ReferenceFrame.cpp">
      <Filter>ledger</Filter>
    </ClCompile>
    <ClCompile Include="..\..\src\ledger\ReviewableRequestFrame.cpp">
      <Filter>ledger</Filter>
    </ClCompile>
    <ClCompile Include="..\..\src\database\Marshaler.cpp">
      <Filter>database</Filter>
    </ClCompile>
    <ClCompile Include="..\..\src\transactions\test\test_helper\ReviewAssetRequestHelper.cpp">
      <Filter>transactions\test\helper</Filter>
    </ClCompile>
    <ClCompile Include="..\..\src\transactions\test\test_helper\TestManager.cpp">
      <Filter>transactions\test\helper</Filter>
    </ClCompile>
    <ClCompile Include="..\..\src\transactions\test\test_helper\TxHelper.cpp">
      <Filter>transactions\test\helper</Filter>
    </ClCompile>
    <ClCompile Include="..\..\src\transactions\test\AccountManagerTests.cpp">
      <Filter>transactions\test</Filter>
    </ClCompile>
    <ClCompile Include="..\..\src\transactions\test\CreateAccountTests.cpp">
      <Filter>transactions\test</Filter>
    </ClCompile>
    <ClCompile Include="..\..\src\transactions\test\DirectDebitTests.cpp">
      <Filter>transactions\test</Filter>
    </ClCompile>
    <ClCompile Include="..\..\src\transactions\test\FlexibleFeesTests.cpp">
      <Filter>transactions\test</Filter>
    </ClCompile>
    <ClCompile Include="..\..\src\transactions\test\ManageAccountTests.cpp">
      <Filter>transactions\test</Filter>
    </ClCompile>
    <ClCompile Include="..\..\src\transactions\test\ManageAssetPairTests.cpp">
      <Filter>transactions\test</Filter>
    </ClCompile>
    <ClCompile Include="..\..\src\transactions\test\ManageAssetTests.cpp">
      <Filter>transactions\test</Filter>
    </ClCompile>
    <ClCompile Include="..\..\src\transactions\test\ManageBalanceTests.cpp">
      <Filter>transactions\test</Filter>
    </ClCompile>
    <ClCompile Include="..\..\src\transactions\test\ManageInvoiceTests.cpp">
      <Filter>transactions\test</Filter>
    </ClCompile>
    <ClCompile Include="..\..\src\transactions\test\OfferTests.cpp">
      <Filter>transactions\test</Filter>
    </ClCompile>
    <ClCompile Include="..\..\src\transactions\test\PaymentTests.cpp">
      <Filter>transactions\test</Filter>
    </ClCompile>
    <ClCompile Include="..\..\src\transactions\test\SetFeesTests.cpp">
      <Filter>transactions\test</Filter>
    </ClCompile>
    <ClCompile Include="..\..\src\transactions\test\SetOptionsTests.cpp">
      <Filter>transactions\test</Filter>
    </ClCompile>
    <ClCompile Include="..\..\src\transactions\test\TxEnvelopeTests.cpp">
      <Filter>transactions\test</Filter>
    </ClCompile>
    <ClCompile Include="..\..\src\transactions\test\TxTests.cpp">
      <Filter>transactions\test</Filter>
    </ClCompile>
    <ClCompile Include="..\..\src\transactions\manage_asset\CancelAssetRequestOpFrame.cpp">
      <Filter>transactions\manage_asset</Filter>
    </ClCompile>
    <ClCompile Include="..\..\src\transactions\manage_asset\CreateAssetOpFrame.cpp">
      <Filter>transactions\manage_asset</Filter>
    </ClCompile>
    <ClCompile Include="..\..\src\transactions\manage_asset\ManageAssetOpFrame.cpp">
      <Filter>transactions\manage_asset</Filter>
    </ClCompile>
    <ClCompile Include="..\..\src\transactions\manage_asset\UpdateAssetOpFrame.cpp">
      <Filter>transactions\manage_asset</Filter>
    </ClCompile>
    <ClCompile Include="..\..\src\transactions\issuance\CreatePreIssuanceRequestOpFrame.cpp">
      <Filter>transactions\issuance</Filter>
    </ClCompile>
    <ClCompile Include="..\..\src\transactions\review_request\ReviewAssetCreationRequestOpFrame.cpp">
      <Filter>transactions\review_request</Filter>
    </ClCompile>
    <ClCompile Include="..\..\src\transactions\review_request\ReviewAssetUpdateRequestOpFrame.cpp">
      <Filter>transactions\review_request</Filter>
    </ClCompile>
    <ClCompile Include="..\..\src\transactions\review_request\ReviewPaymentRequestOpFrame.cpp">
      <Filter>transactions\review_request</Filter>
    </ClCompile>
    <ClCompile Include="..\..\src\transactions\review_request\ReviewPreIssuanceCreationRequestOpFrame.cpp">
      <Filter>transactions\review_request</Filter>
    </ClCompile>
    <ClCompile Include="..\..\src\transactions\review_request\ReviewRequestOpFrame.cpp">
      <Filter>transactions\review_request</Filter>
    </ClCompile>
    <ClCompile Include="..\..\src\transactions\issuance\CreateIssuanceRequestOpFrame.cpp">
      <Filter>transactions\issuance</Filter>
    </ClCompile>
    <ClCompile Include="..\..\src\transactions\review_request\ReviewIssuanceCreationRequestOpFrame.cpp">
      <Filter>transactions\review_request</Filter>
    </ClCompile>
    <ClCompile Include="..\..\src\transactions\test\test_helper\IssuanceRequestHelper.cpp">
      <Filter>transactions\test\helper</Filter>
    </ClCompile>
    <ClCompile Include="..\..\src\transactions\test\AuthorizePreIssuedAssetTests.cpp">
      <Filter>transactions\test</Filter>
    </ClCompile>
    <ClCompile Include="..\..\src\transactions\test\test_helper\ReviewPreIssuanceRequestHelper.cpp">
      <Filter>transactions\test\helper</Filter>
    </ClCompile>
    <ClCompile Include="..\..\src\transactions\test\test_helper\ReviewIssuanceRequestHelper.cpp">
      <Filter>transactions\test\helper</Filter>
    </ClCompile>
    <ClCompile Include="..\..\src\transactions\test\IssuanceTest.cpp">
      <Filter>transactions\test</Filter>
    </ClCompile>
    <ClCompile Include="..\..\src\ledger\ExternalSystemAccountID.cpp">
      <Filter>ledger</Filter>
    </ClCompile>
    <ClCompile Include="..\..\src\exsysidgen\BTCIDGenerator.cpp">
      <Filter>exsysidgen</Filter>
    </ClCompile>
    <ClCompile Include="..\..\src\exsysidgen\ETHIDGenerator.cpp">
      <Filter>exsysidgen</Filter>
    </ClCompile>
    <ClCompile Include="..\..\src\exsysidgen\ExternalSystemIDGenerators.cpp">
      <Filter>exsysidgen</Filter>
    </ClCompile>
    <ClCompile Include="..\..\src\exsysidgen\Generator.cpp">
      <Filter>exsysidgen</Filter>
    </ClCompile>
    <ClCompile Include="..\..\src\transactions\review_request\ReviewRequestHelper.cpp">
      <Filter>transactions\review_request</Filter>
    </ClCompile>
    <ClCompile Include="..\..\src\transactions\test\test_helper\ReviewRequestTestHelper.cpp">
      <Filter>transactions\test\helper</Filter>
    </ClCompile>
    <ClCompile Include="..\..\src\ledger\EntryHelperLegacy.cpp">
      <Filter>ledger</Filter>
    </ClCompile>
    <ClCompile Include="..\..\src\ledger\AccountHelper.cpp">
      <Filter>ledger</Filter>
    </ClCompile>
    <ClCompile Include="..\..\src\ledger\AccountLimitsHelper.cpp">
      <Filter>ledger</Filter>
    </ClCompile>
    <ClCompile Include="..\..\src\ledger\AccountTypeLimitsHelper.cpp">
      <Filter>ledger</Filter>
    </ClCompile>
    <ClCompile Include="..\..\src\ledger\AssetHelper.cpp">
      <Filter>ledger</Filter>
    </ClCompile>
    <ClCompile Include="..\..\src\ledger\AssetPairHelper.cpp">
      <Filter>ledger</Filter>
    </ClCompile>
    <ClCompile Include="..\..\src\ledger\BalanceHelper.cpp">
      <Filter>ledger</Filter>
    </ClCompile>
    <ClCompile Include="..\..\src\ledger\FeeHelper.cpp">
      <Filter>ledger</Filter>
    </ClCompile>
    <ClCompile Include="..\..\src\ledger\InvoiceHelper.cpp">
      <Filter>ledger</Filter>
    </ClCompile>
    <ClCompile Include="..\..\src\ledger\OfferHelper.cpp">
      <Filter>ledger</Filter>
    </ClCompile>
    <ClCompile Include="..\..\src\ledger\PaymentRequestHelper.cpp">
      <Filter>ledger</Filter>
    </ClCompile>
    <ClCompile Include="..\..\src\ledger\ReferenceHelper.cpp">
      <Filter>ledger</Filter>
    </ClCompile>
    <ClCompile Include="..\..\src\ledger\ReviewableRequestHelper.cpp">
      <Filter>ledger</Filter>
    </ClCompile>
    <ClCompile Include="..\..\src\ledger\StatisticsHelper.cpp">
      <Filter>ledger</Filter>
    </ClCompile>
    <ClCompile Include="..\..\src\ledger\TrustHelper.cpp">
      <Filter>ledger</Filter>
    </ClCompile>
    <ClCompile Include="..\..\src\ledger\ExternalSystemAccountIDHelperLegacy.cpp">
      <Filter>ledger</Filter>
    </ClCompile>
    <ClCompile Include="..\..\src\transactions\manage_asset\ManageAssetHelper.cpp">
      <Filter>transactions\manage_asset</Filter>
    </ClCompile>
    <ClCompile Include="..\..\src\transactions\test\test_helper\ManageAssetTestHelper.cpp">
      <Filter>transactions\test\helper</Filter>
    </ClCompile>
    <ClCompile Include="..\..\src\transactions\CreateWithdrawalRequestOpFrame.cpp">
      <Filter>transactions</Filter>
    </ClCompile>
    <ClCompile Include="..\..\src\transactions\review_request\ReviewWithdrawalRequestOpFrame.cpp">
      <Filter>transactions\review_request</Filter>
    </ClCompile>
    <ClCompile Include="..\..\src\transactions\test\WithdrawalTests.cpp">
      <Filter>transactions\test</Filter>
    </ClCompile>
    <ClCompile Include="..\..\src\transactions\test\test_helper\WithdrawRequestHelper.cpp">
      <Filter>transactions\test\helper</Filter>
    </ClCompile>
    <ClCompile Include="..\..\src\transactions\test\test_helper\ReviewWithdrawalRequestHelper.cpp">
      <Filter>transactions\test\helper</Filter>
    </ClCompile>
    <ClCompile Include="..\..\src\transactions\test\test_helper\CreateAccountTestHelper.cpp">
      <Filter>transactions\test\helper</Filter>
    </ClCompile>
    <ClCompile Include="..\..\src\ledger\SaleFrame.cpp">
      <Filter>ledger</Filter>
    </ClCompile>
    <ClCompile Include="..\..\src\ledger\SaleHelper.cpp">
      <Filter>ledger</Filter>
    </ClCompile>
    <ClCompile Include="..\..\src\transactions\CreateSaleCreationRequestOpFrame.cpp">
      <Filter>transactions</Filter>
    </ClCompile>
    <ClCompile Include="..\..\src\transactions\review_request\ReviewSaleCreationRequestOpFrame.cpp">
      <Filter>transactions\review_request</Filter>
    </ClCompile>
    <ClCompile Include="..\..\src\transactions\test\test_helper\SaleRequestHelper.cpp">
      <Filter>transactions\test\helper</Filter>
    </ClCompile>
    <ClCompile Include="..\..\src\transactions\test\test_helper\ReviewSaleRequestHelper.cpp">
      <Filter>transactions\test\helper</Filter>
    </ClCompile>
    <ClCompile Include="..\..\src\transactions\test\SaleTests.cpp">
      <Filter>transactions\test</Filter>
    </ClCompile>
    <ClCompile Include="..\..\src\transactions\test\test_helper\ManageAssetPairTestHelper.cpp">
      <Filter>transactions\test\helper</Filter>
    </ClCompile>
    <ClCompile Include="..\..\src\transactions\test\test_helper\ManageOfferTestHelper.cpp">
      <Filter>transactions\test\helper</Filter>
    </ClCompile>
    <ClCompile Include="..\..\src\transactions\dex\OfferExchange.cpp">
      <Filter>transactions\dex</Filter>
    </ClCompile>
    <ClCompile Include="..\..\src\transactions\CheckSaleStateOpFrame.cpp">
      <Filter>transactions</Filter>
    </ClCompile>
    <ClCompile Include="..\..\src\transactions\dex\OfferManager.cpp">
      <Filter>transactions\dex</Filter>
    </ClCompile>
    <ClCompile Include="..\..\src\transactions\FeesManager.cpp">
      <Filter>transactions</Filter>
    </ClCompile>
    <ClCompile Include="..\..\src\transactions\test\test_helper\ParticipateInSaleTestHelper.cpp">
      <Filter>transactions\test\helper</Filter>
    </ClCompile>
    <ClCompile Include="..\..\src\transactions\test\test_helper\CheckSaleStateTestHelper.cpp">
      <Filter>transactions\test\helper</Filter>
    </ClCompile>
    <ClCompile Include="..\..\src\transactions\test\test_helper\ManageBalanceTestHelper.cpp">
      <Filter>transactions\test\helper</Filter>
    </ClCompile>
    <ClCompile Include="..\..\lib\coincore\src\CoinKey.cpp">
      <Filter>lib\coincore</Filter>
    </ClCompile>
    <ClCompile Include="..\..\lib\coincore\src\hdkeys.cpp">
      <Filter>lib\coincore</Filter>
    </ClCompile>
    <ClCompile Include="..\..\lib\coincore\src\secp256k1_openssl.cpp">
      <Filter>lib\coincore</Filter>
    </ClCompile>
    <ClCompile Include="..\..\lib\coincore\src\hashfunc\blake.c">
      <Filter>lib\coincore\hashfunc</Filter>
    </ClCompile>
    <ClCompile Include="..\..\lib\coincore\src\hashfunc\bmw.c">
      <Filter>lib\coincore\hashfunc</Filter>
    </ClCompile>
    <ClCompile Include="..\..\lib\coincore\src\hashfunc\groestl.c">
      <Filter>lib\coincore\hashfunc</Filter>
    </ClCompile>
    <ClCompile Include="..\..\lib\coincore\src\hashfunc\jh.c">
      <Filter>lib\coincore\hashfunc</Filter>
    </ClCompile>
    <ClCompile Include="..\..\lib\coincore\src\hashfunc\keccak.c">
      <Filter>lib\coincore\hashfunc</Filter>
    </ClCompile>
    <ClCompile Include="..\..\lib\coincore\src\hashfunc\skein.c">
      <Filter>lib\coincore\hashfunc</Filter>
    </ClCompile>
    <ClCompile Include="..\..\src\exsysidgen\Secp256k1IDGenerator.cpp">
      <Filter>exsysidgen</Filter>
    </ClCompile>
    <ClCompile Include="..\..\src\transactions\dex\CreateOfferOpFrame.cpp">
      <Filter>transactions\dex</Filter>
    </ClCompile>
    <ClCompile Include="..\..\src\transactions\dex\CreateSaleParticipationOpFrame.cpp">
      <Filter>transactions\dex</Filter>
    </ClCompile>
    <ClCompile Include="..\..\src\transactions\dex\DeleteOfferOpFrame.cpp">
      <Filter>transactions\dex</Filter>
    </ClCompile>
    <ClCompile Include="..\..\src\transactions\dex\DeleteSaleParticipationOpFrame.cpp">
      <Filter>transactions\dex</Filter>
    </ClCompile>
    <ClCompile Include="..\..\src\transactions\dex\ManageOfferOpFrame.cpp">
      <Filter>transactions\dex</Filter>
    </ClCompile>
    <ClCompile Include="..\..\src\transactions\review_request\ReviewTwoStepWithdrawalRequestOpFrame.cpp">
      <Filter>transactions\review_request</Filter>
    </ClCompile>
    <ClCompile Include="..\..\src\transactions\test\test_helper\ReviewTwoStepWithdrawalRequestHelper.cpp">
      <Filter>transactions\test\helper</Filter>
    </ClCompile>
    <ClCompile Include="..\..\src\transactions\review_request\ReviewLimitsUpdateRequestOpFrame.cpp">
      <Filter>transactions\review_request</Filter>
    </ClCompile>
    <ClCompile Include="..\..\src\transactions\test\test_helper\SetOptionsTestHelper.cpp">
      <Filter>transactions\test\helper</Filter>
    </ClCompile>
    <ClCompile Include="..\..\src\ledger\SaleQuoteAssetHelper.cpp">
      <Filter>ledger</Filter>
    </ClCompile>
    <ClCompile Include="..\..\src\transactions\test\test_helper\ManageAccountTestHelper.cpp">
      <Filter>transactions\test\helper</Filter>
    </ClCompile>
    <ClCompile Include="..\..\src\transactions\test\CrowdfundTests.cpp">
      <Filter>transactions\test</Filter>
    </ClCompile>
    <ClCompile Include="..\..\src\transactions\CreateAMLAlertRequestOpFrame.cpp">
      <Filter>transactions</Filter>
    </ClCompile>
    <ClCompile Include="..\..\src\transactions\review_request\ReviewAMLAlertRequestOpFrame.cpp">
      <Filter>transactions\review_request</Filter>
    </ClCompile>
    <ClCompile Include="..\..\src\transactions\test\test_helper\ManageAMLAlertTestHelper.cpp">
      <Filter>transactions\test\helper</Filter>
    </ClCompile>
    <ClCompile Include="..\..\src\transactions\test\test_helper\ReviewAMLAlertRequestHelper.cpp">
      <Filter>transactions\test\helper</Filter>
    </ClCompile>
    <ClCompile Include="..\..\src\transactions\test\test_helper\StateBeforeTxHelper.cpp">
      <Filter>transactions\test\helper</Filter>
    </ClCompile>
    <ClCompile Include="..\..\src\transactions\test\AmlAlertTests.cpp">
      <Filter>transactions\test</Filter>
    </ClCompile>
    <ClCompile Include="..\..\src\transactions\manage_asset\ChangeAssetPreIssuerOpFrame.cpp">
      <Filter>transactions\manage_asset</Filter>
    </ClCompile>
    <ClCompile Include="..\..\src\ledger\AccountKYCFrame.cpp">
      <Filter>ledger</Filter>
    </ClCompile>
    <ClCompile Include="..\..\src\ledger\AccountKYCHelper.cpp">
      <Filter>ledger</Filter>
    </ClCompile>
    <ClCompile Include="..\..\src\transactions\kyc\CreateKYCReviewableRequestOpFrame.cpp">
      <Filter>transactions\kyc</Filter>
    </ClCompile>
    <ClCompile Include="..\..\src\transactions\review_request\ReviewUpdateKYCRequestOpFrame.cpp">
      <Filter>transactions\review_request</Filter>
    </ClCompile>
    <ClCompile Include="..\..\src\transactions\payment\PaymentOpFrame.cpp">
      <Filter>transactions\payment</Filter>
    </ClCompile>
    <ClCompile Include="..\..\src\transactions\payment\PaymentOpV2Frame.cpp">
      <Filter>transactions\payment</Filter>
    </ClCompile>
    <ClCompile Include="..\..\src\transactions\test\test_helper\SetFeesTestHelper.cpp">
      <Filter>transactions\test\helper</Filter>
    </ClCompile>
    <ClCompile Include="..\..\src\ledger\ExternalSystemAccountIDPoolEntry.cpp">
      <Filter>ledger</Filter>
    </ClCompile>
    <ClCompile Include="..\..\src\ledger\ExternalSystemAccountIDPoolEntryHelperLegacy.cpp">
      <Filter>ledger</Filter>
    </ClCompile>
    <ClCompile Include="..\..\src\ledger\KeyValueEntryFrame.cpp">
      <Filter>ledger</Filter>
    </ClCompile>
    <ClCompile Include="..\..\src\ledger\KeyValueHelperLegacy.cpp">
      <Filter>ledger</Filter>
    </ClCompile>
    <ClCompile Include="..\..\src\transactions\ManageKeyValueOpFrame.cpp">
      <Filter>transactions</Filter>
    </ClCompile>
    <ClCompile Include="..\..\src\transactions\test\test_helper\BindExternalSystemAccountIdTestHelper.cpp">
      <Filter>transactions\test\helper</Filter>
    </ClCompile>
    <ClCompile Include="..\..\src\transactions\test\test_helper\CreateKYCReviewableRequestTestHelper.cpp">
      <Filter>transactions\test\helper</Filter>
    </ClCompile>
    <ClCompile Include="..\..\src\transactions\test\test_helper\LimitsUpdateRequestHelper.cpp">
      <Filter>transactions\test\helper</Filter>
    </ClCompile>
    <ClCompile Include="..\..\src\transactions\test\test_helper\ManageExternalSystemAccountIDPoolEntryTestHelper.cpp">
      <Filter>transactions\test\helper</Filter>
    </ClCompile>
    <ClCompile Include="..\..\src\transactions\test\test_helper\ManageKeyValueTestHelper.cpp">
      <Filter>transactions\test\helper</Filter>
    </ClCompile>
    <ClCompile Include="..\..\src\transactions\test\test_helper\ManageSaleTestHelper.cpp">
      <Filter>transactions\test\helper</Filter>
    </ClCompile>
    <ClCompile Include="..\..\src\transactions\test\test_helper\PaymentV2TestHelper.cpp">
      <Filter>transactions\test\helper</Filter>
    </ClCompile>
    <ClCompile Include="..\..\src\transactions\test\test_helper\ReviewLimitsUpdateRequestHelper.cpp">
      <Filter>transactions\test\helper</Filter>
    </ClCompile>
    <ClCompile Include="..\..\src\transactions\test\test_helper\ReviewUpdateKYCRequestHelper.cpp">
      <Filter>transactions\test\helper</Filter>
    </ClCompile>
    <ClCompile Include="..\..\src\transactions\test\test_helper\ReviewUpdateSaleDetailsRequestHelper.cpp">
      <Filter>transactions\test\helper</Filter>
    </ClCompile>
    <ClCompile Include="..\..\src\transactions\review_request\ReviewUpdateSaleDetailsRequestOpFrame.cpp">
      <Filter>transactions\review_request</Filter>
    </ClCompile>
    <ClCompile Include="..\..\src\transactions\BindExternalSystemAccountIdOpFrame.cpp">
      <Filter>transactions</Filter>
    </ClCompile>
    <ClCompile Include="..\..\src\transactions\manage_external_system_account_id_pool\CreateExternalSystemAccountIDPoolEntryOpFrame.cpp">
      <Filter>transactions\manage_external_system_account_id_pool</Filter>
    </ClCompile>
    <ClCompile Include="..\..\src\transactions\manage_external_system_account_id_pool\DeleteExternalSystemAccountIDPoolEntryOpFrame.cpp">
      <Filter>transactions\manage_external_system_account_id_pool</Filter>
    </ClCompile>
    <ClCompile Include="..\..\src\transactions\manage_external_system_account_id_pool\ManageExternalSystemAccountIDPoolEntryOpFrame.cpp">
      <Filter>transactions\manage_external_system_account_id_pool</Filter>
    </ClCompile>
    <ClCompile Include="..\..\src\transactions\test\BindExternalSystemAccountIdTests.cpp">
      <Filter>transactions\test</Filter>
    </ClCompile>
    <ClCompile Include="..\..\src\transactions\test\CreateKYCReviewableRequestTest.cpp">
      <Filter>transactions\test</Filter>
    </ClCompile>
    <ClCompile Include="..\..\src\transactions\test\LimitsUpdateTests.cpp">
      <Filter>transactions\test</Filter>
    </ClCompile>
    <ClCompile Include="..\..\src\transactions\test\ManageExternalSystemAccountIDPoolEntryTests.cpp">
      <Filter>transactions\test</Filter>
    </ClCompile>
    <ClCompile Include="..\..\src\transactions\test\ManageKeyValueTests.cpp">
      <Filter>transactions\test</Filter>
    </ClCompile>
    <ClCompile Include="..\..\src\transactions\test\PaymentV2Tests.cpp">
      <Filter>transactions\test</Filter>
    </ClCompile>
    <ClCompile Include="..\..\src\transactions\manage_asset\ChangeAssetMaxIssuanceOpFrame.cpp">
      <Filter>transactions\manage_asset</Filter>
    </ClCompile>
    <ClCompile Include="..\..\src\transactions\dex\ManageSaleOpFrame.cpp">
      <Filter>transactions\dex</Filter>
    </ClCompile>
    <ClCompile Include="..\..\src\ledger\SaleAnteFrame.cpp">
      <Filter>ledger</Filter>
    </ClCompile>
    <ClCompile Include="..\..\src\ledger\SaleAnteHelper.cpp">
      <Filter>ledger</Filter>
    </ClCompile>
    <ClCompile Include="..\..\src\ledger\LimitsV2Frame.cpp">
      <Filter>ledger</Filter>
    </ClCompile>
    <ClCompile Include="..\..\src\ledger\LimitsV2Helper.cpp">
      <Filter>ledger</Filter>
    </ClCompile>
    <ClCompile Include="..\..\src\ledger\PendingStatisticsFrame.cpp">
      <Filter>ledger</Filter>
    </ClCompile>
    <ClCompile Include="..\..\src\ledger\PendingStatisticsHelper.cpp">
      <Filter>ledger</Filter>
    </ClCompile>
    <ClCompile Include="..\..\src\ledger\StatisticsTests.cpp">
      <Filter>ledger</Filter>
    </ClCompile>
    <ClCompile Include="..\..\src\ledger\StatisticsV2Frame.cpp">
      <Filter>ledger</Filter>
    </ClCompile>
    <ClCompile Include="..\..\src\ledger\StatisticsV2Helper.cpp">
      <Filter>ledger</Filter>
    </ClCompile>
    <ClCompile Include="..\..\src\transactions\StatisticsV2Processor.cpp">
      <Filter>transactions</Filter>
    </ClCompile>
    <ClCompile Include="..\..\src\transactions\ManageLimitsOpFrame.cpp">
      <Filter>transactions</Filter>
    </ClCompile>
    <ClCompile Include="..\..\src\transactions\test\test_helper\ManageLimitsTestHelper.cpp">
      <Filter>transactions\test\helper</Filter>
    </ClCompile>
    <ClCompile Include="..\..\src\transactions\CreateManageLimitsRequestOpFrame.cpp">
      <Filter>transactions</Filter>
    </ClCompile>
    <ClCompile Include="..\..\src\transactions\test\ManageLimitsV2Tests.cpp">
      <Filter>transactions\test</Filter>
    </ClCompile>
    <ClCompile Include="..\..\src\transactions\test\StatisticsV2Tests.cpp">
      <Filter>transactions\test</Filter>
    </ClCompile>
    <ClCompile Include="..\..\src\transactions\review_request\ReviewPromotionUpdateRequestOpFrame.cpp">
      <Filter>transactions\review_request</Filter>
    </ClCompile>
    <ClCompile Include="..\..\src\transactions\review_request\ReviewUpdateSaleEndTimeRequestOpFrame.cpp">
      <Filter>transactions\review_request</Filter>
    </ClCompile>
    <ClCompile Include="..\..\src\transactions\test\test_helper\ReviewPromotionUpdateRequestTestHelper.cpp">
      <Filter>transactions\test\helper</Filter>
    </ClCompile>
    <ClCompile Include="..\..\src\transactions\test\test_helper\ReviewUpdateSaleEndTimeRequestHelper.cpp">
      <Filter>transactions\test\helper</Filter>
    </ClCompile>
    <ClCompile Include="..\..\src\transactions\test\unit\BindExternalSystemAccountIdUnitTests.cpp">
      <Filter>transactions\test\unit</Filter>
    </ClCompile>
    <ClCompile Include="..\..\src\transactions\TransactionFrameImpl.cpp">
      <Filter>transactions</Filter>
    </ClCompile>
    <ClCompile Include="..\..\src\ledger\StorageHelperImpl.cpp">
      <Filter>ledger</Filter>
    </ClCompile>
  </ItemGroup>
  <ItemGroup>
    <ClInclude Include="..\..\src\ledger\LedgerManager.h">
      <Filter>ledger</Filter>
    </ClInclude>
    <ClInclude Include="..\..\src\ledger\LedgerManagerImpl.h">
      <Filter>ledger</Filter>
    </ClInclude>
    <ClInclude Include="..\..\src\main\Application.h">
      <Filter>main</Filter>
    </ClInclude>
    <ClInclude Include="..\..\src\overlay\Floodgate.h">
      <Filter>overlay</Filter>
    </ClInclude>
    <ClInclude Include="..\..\src\overlay\ItemFetcher.h">
      <Filter>overlay</Filter>
    </ClInclude>
    <ClInclude Include="..\..\src\overlay\OverlayManager.h">
      <Filter>overlay</Filter>
    </ClInclude>
    <ClInclude Include="..\..\src\overlay\Peer.h">
      <Filter>overlay</Filter>
    </ClInclude>
    <ClInclude Include="..\..\src\overlay\PeerDoor.h">
      <Filter>overlay</Filter>
    </ClInclude>
    <ClInclude Include="..\..\src\overlay\OverlayManagerImpl.h">
      <Filter>overlay</Filter>
    </ClInclude>
    <ClInclude Include="..\..\src\main\Config.h">
      <Filter>main</Filter>
    </ClInclude>
    <ClInclude Include="..\..\src\bucket\BucketList.h">
      <Filter>bucket</Filter>
    </ClInclude>
    <ClInclude Include="..\..\lib\util\easylogging++.h">
      <Filter>lib\util</Filter>
    </ClInclude>
    <ClInclude Include="..\..\lib\util\cpptoml.h">
      <Filter>lib\util</Filter>
    </ClInclude>
    <ClInclude Include="..\..\lib\util\getopt.h">
      <Filter>lib\util</Filter>
    </ClInclude>
    <ClInclude Include="..\..\src\overlay\LoopbackPeer.h">
      <Filter>overlay</Filter>
    </ClInclude>
    <ClInclude Include="..\..\src\overlay\TCPPeer.h">
      <Filter>overlay</Filter>
    </ClInclude>
    <ClInclude Include="..\..\lib\http\connection.hpp">
      <Filter>lib\http</Filter>
    </ClInclude>
    <ClInclude Include="..\..\lib\http\connection_manager.hpp">
      <Filter>lib\http</Filter>
    </ClInclude>
    <ClInclude Include="..\..\lib\http\header.hpp">
      <Filter>lib\http</Filter>
    </ClInclude>
    <ClInclude Include="..\..\lib\http\reply.hpp">
      <Filter>lib\http</Filter>
    </ClInclude>
    <ClInclude Include="..\..\lib\http\request.hpp">
      <Filter>lib\http</Filter>
    </ClInclude>
    <ClInclude Include="..\..\lib\http\request_parser.hpp">
      <Filter>lib\http</Filter>
    </ClInclude>
    <ClInclude Include="..\..\lib\http\server.hpp">
      <Filter>lib\http</Filter>
    </ClInclude>
    <ClInclude Include="..\..\lib\http\HttpClient.h">
      <Filter>lib\http</Filter>
    </ClInclude>
    <ClInclude Include="..\..\src\main\CommandHandler.h">
      <Filter>main</Filter>
    </ClInclude>
    <ClInclude Include="..\..\src\history\HistoryManager.h">
      <Filter>history</Filter>
    </ClInclude>
    <ClInclude Include="..\..\src\history\HistoryManagerImpl.h">
      <Filter>history</Filter>
    </ClInclude>
    <ClInclude Include="..\..\src\process\ProcessManager.h">
      <Filter>process</Filter>
    </ClInclude>
    <ClInclude Include="..\..\src\process\ProcessManagerImpl.h">
      <Filter>process</Filter>
    </ClInclude>
    <ClInclude Include="..\..\src\util\Timer.h">
      <Filter>util</Filter>
    </ClInclude>
    <ClInclude Include="..\..\src\ledger\LedgerDelta.h">
      <Filter>ledger</Filter>
    </ClInclude>
    <ClInclude Include="..\..\src\history\HistoryArchive.h">
      <Filter>history</Filter>
    </ClInclude>
    <ClInclude Include="..\..\src\database\Database.h">
      <Filter>database</Filter>
    </ClInclude>
    <ClInclude Include="..\..\src\ledger\AccountFrame.h">
      <Filter>ledger</Filter>
    </ClInclude>
    <ClInclude Include="..\..\src\ledger\EntryFrame.h">
      <Filter>ledger</Filter>
    </ClInclude>
    <ClInclude Include="..\..\src\util\types.h">
      <Filter>util</Filter>
    </ClInclude>
    <ClInclude Include="..\..\src\transactions\TransactionFrame.h">
      <Filter>transactions</Filter>
    </ClInclude>
    <ClInclude Include="..\..\src\transactions\SetOptionsOpFrame.h">
      <Filter>transactions</Filter>
    </ClInclude>
    <ClInclude Include="..\..\src\crypto\ByteSlice.h">
      <Filter>crypto</Filter>
    </ClInclude>
    <ClInclude Include="..\..\src\crypto\Hex.h">
      <Filter>crypto</Filter>
    </ClInclude>
    <ClInclude Include="..\..\src\crypto\SHA.h">
      <Filter>crypto</Filter>
    </ClInclude>
    <ClInclude Include="..\..\src\crypto\SecretKey.h">
      <Filter>crypto</Filter>
    </ClInclude>
    <ClInclude Include="..\..\lib\util\format.h">
      <Filter>lib\util</Filter>
    </ClInclude>
    <ClInclude Include="..\..\lib\util\uint128_t.h">
      <Filter>lib\util</Filter>
    </ClInclude>
    <ClInclude Include="..\..\src\util\Logging.h">
      <Filter>util</Filter>
    </ClInclude>
    <ClInclude Include="..\..\src\util\make_unique.h">
      <Filter>util</Filter>
    </ClInclude>
    <ClInclude Include="..\..\src\util\must_use.h">
      <Filter>util</Filter>
    </ClInclude>
    <ClInclude Include="..\..\src\ledger\LedgerHeaderFrame.h">
      <Filter>ledger</Filter>
    </ClInclude>
    <ClInclude Include="..\..\src\main\test.h">
      <Filter>main\tests</Filter>
    </ClInclude>
    <ClInclude Include="..\..\src\util\TmpDir.h">
      <Filter>util</Filter>
    </ClInclude>
    <ClInclude Include="..\..\src\crypto\Random.h">
      <Filter>crypto</Filter>
    </ClInclude>
    <ClInclude Include="..\..\src\herder\HerderImpl.h">
      <Filter>herder</Filter>
    </ClInclude>
    <ClInclude Include="..\..\src\herder\Herder.h">
      <Filter>herder</Filter>
    </ClInclude>
    <ClInclude Include="..\..\src\herder\TxSetFrame.h">
      <Filter>herder</Filter>
    </ClInclude>
    <ClInclude Include="..\..\src\simulation\Simulation.h">
      <Filter>simulation</Filter>
    </ClInclude>
    <ClInclude Include="..\..\src\bucket\LedgerCmp.h">
      <Filter>bucket</Filter>
    </ClInclude>
    <ClInclude Include="..\..\src\util\Math.h">
      <Filter>util</Filter>
    </ClInclude>
    <ClInclude Include="..\..\src\util\asio.h">
      <Filter>util</Filter>
    </ClInclude>
    <ClInclude Include="..\..\src\bucket\Bucket.h">
      <Filter>bucket</Filter>
    </ClInclude>
    <ClInclude Include="..\..\src\overlay\PeerRecord.h">
      <Filter>overlay</Filter>
    </ClInclude>
    <ClInclude Include="..\..\src\bucket\BucketManager.h">
      <Filter>bucket</Filter>
    </ClInclude>
    <ClInclude Include="..\..\src\bucket\BucketManagerImpl.h">
      <Filter>bucket</Filter>
    </ClInclude>
    <ClInclude Include="..\..\src\main\ApplicationImpl.h">
      <Filter>main</Filter>
    </ClInclude>
    <ClInclude Include="..\..\src\simulation\Topologies.h">
      <Filter>simulation</Filter>
    </ClInclude>
    <ClInclude Include="..\..\src\history\FileTransferInfo.h">
      <Filter>history</Filter>
    </ClInclude>
    <ClInclude Include="..\..\src\main\PersistentState.h">
      <Filter>main</Filter>
    </ClInclude>
    <ClInclude Include="..\..\src\transactions\OperationFrame.h">
      <Filter>transactions</Filter>
    </ClInclude>
    <ClInclude Include="..\..\lib\json\json.h">
      <Filter>lib\json</Filter>
    </ClInclude>
    <ClInclude Include="..\..\lib\json\json-forwards.h">
      <Filter>lib\json</Filter>
    </ClInclude>
    <ClInclude Include="..\..\src\scp\SCP.h">
      <Filter>scp</Filter>
    </ClInclude>
    <ClInclude Include="..\..\src\scp\Slot.h">
      <Filter>scp</Filter>
    </ClInclude>
    <ClInclude Include="..\..\src\util\Fs.h">
      <Filter>util</Filter>
    </ClInclude>
    <ClInclude Include="..\..\src\util\NonCopyable.h">
      <Filter>util</Filter>
    </ClInclude>
    <ClInclude Include="..\..\src\util\optional.h">
      <Filter>util</Filter>
    </ClInclude>
    <ClInclude Include="..\..\src\util\XDRStream.h">
      <Filter>util</Filter>
    </ClInclude>
    <ClInclude Include="..\..\src\util\GlobalChecks.h">
      <Filter>util</Filter>
    </ClInclude>
    <ClInclude Include="..\..\src\main\fuzz.h">
      <Filter>main\tests</Filter>
    </ClInclude>
    <ClInclude Include="..\..\lib\util\lrucache.hpp">
      <Filter>lib\util</Filter>
    </ClInclude>
    <ClInclude Include="..\..\src\bucket\FutureBucket.h">
      <Filter>bucket</Filter>
    </ClInclude>
    <ClInclude Include="..\..\src\herder\PendingEnvelopes.h">
      <Filter>herder</Filter>
    </ClInclude>
    <ClInclude Include="..\..\src\util\HashOfHash.h">
      <Filter>util</Filter>
    </ClInclude>
    <ClInclude Include="..\..\src\transactions\CreateAccountOpFrame.h">
      <Filter>transactions</Filter>
    </ClInclude>
    <ClInclude Include="..\..\src\scp\BallotProtocol.h">
      <Filter>scp</Filter>
    </ClInclude>
    <ClInclude Include="..\..\src\scp\NominationProtocol.h">
      <Filter>scp</Filter>
    </ClInclude>
    <ClInclude Include="..\..\src\simulation\LoadGenerator.h">
      <Filter>simulation</Filter>
    </ClInclude>
    <ClInclude Include="..\..\src\scp\LocalNode.h">
      <Filter>scp</Filter>
    </ClInclude>
    <ClInclude Include="..\..\src\scp\SCPDriver.h">
      <Filter>scp</Filter>
    </ClInclude>
    <ClInclude Include="..\..\src\herder\LedgerCloseData.h">
      <Filter>herder</Filter>
    </ClInclude>
    <ClInclude Include="..\..\lib\util\crc16.h">
      <Filter>util</Filter>
    </ClInclude>
    <ClInclude Include="..\..\lib\util\basen.h">
      <Filter>util</Filter>
    </ClInclude>
    <ClInclude Include="..\..\src\crypto\StrKey.h">
      <Filter>crypto</Filter>
    </ClInclude>
    <ClInclude Include="..\..\src\main\dumpxdr.h">
      <Filter>main</Filter>
    </ClInclude>
    <ClInclude Include="src\generated\xdr\Stellar-ledger.h">
      <Filter>xdr\generated</Filter>
    </ClInclude>
    <ClInclude Include="src\generated\xdr\Stellar-ledger-entries.h">
      <Filter>xdr\generated</Filter>
    </ClInclude>
    <ClInclude Include="src\generated\xdr\Stellar-overlay.h">
      <Filter>xdr\generated</Filter>
    </ClInclude>
    <ClInclude Include="src\generated\xdr\Stellar-SCP.h">
      <Filter>xdr\generated</Filter>
    </ClInclude>
    <ClInclude Include="src\generated\xdr\Stellar-transaction.h">
      <Filter>xdr\generated</Filter>
    </ClInclude>
    <ClInclude Include="src\generated\xdr\Stellar-types.h">
      <Filter>xdr\generated</Filter>
    </ClInclude>
    <ClInclude Include="..\..\src\main\ExternalQueue.h">
      <Filter>main</Filter>
    </ClInclude>
    <ClInclude Include="..\..\lib\catch.hpp">
      <Filter>lib</Filter>
    </ClInclude>
    <ClInclude Include="..\..\src\ledger\LedgerTestUtils.h">
      <Filter>ledger\tests</Filter>
    </ClInclude>
    <ClInclude Include="..\..\src\overlay\PeerAuth.h">
      <Filter>overlay</Filter>
    </ClInclude>
    <ClInclude Include="..\..\src\crypto\ECDH.h">
      <Filter>crypto</Filter>
    </ClInclude>
    <ClInclude Include="..\..\src\overlay\LoadManager.h">
      <Filter>overlay</Filter>
    </ClInclude>
    <ClInclude Include="..\..\src\overlay\StellarXDR.h">
      <Filter>overlay</Filter>
    </ClInclude>
    <ClInclude Include="..\..\src\history\StateSnapshot.h">
      <Filter>history</Filter>
    </ClInclude>
    <ClInclude Include="..\..\src\work\Work.h">
      <Filter>work</Filter>
    </ClInclude>
    <ClInclude Include="..\..\src\work\WorkManager.h">
      <Filter>work</Filter>
    </ClInclude>
    <ClInclude Include="..\..\src\work\WorkManagerImpl.h">
      <Filter>work</Filter>
    </ClInclude>
    <ClInclude Include="..\..\src\work\WorkParent.h">
      <Filter>work</Filter>
    </ClInclude>
    <ClInclude Include="..\..\src\history\HistoryWork.h">
      <Filter>history</Filter>
    </ClInclude>
    <ClInclude Include="..\..\src\bucket\BucketApplicator.h">
      <Filter>bucket</Filter>
    </ClInclude>
    <ClInclude Include="..\..\src\history\InferredQuorum.h">
      <Filter>history</Filter>
    </ClInclude>
    <ClInclude Include="..\..\src\util\BitsetEnumerator.h">
      <Filter>util</Filter>
    </ClInclude>
    <ClInclude Include="..\..\src\overlay\BanManager.h">
      <Filter>overlay</Filter>
    </ClInclude>
    <ClInclude Include="..\..\src\overlay\BanManagerImpl.h">
      <Filter>overlay</Filter>
    </ClInclude>
    <ClInclude Include="..\..\src\main\NtpSynchronizationChecker.h">
      <Filter>main</Filter>
    </ClInclude>
    <ClInclude Include="..\..\src\util\NtpClient.h">
      <Filter>util</Filter>
    </ClInclude>
    <ClInclude Include="..\..\src\util\NtpWork.h">
      <Filter>util</Filter>
    </ClInclude>
    <ClInclude Include="..\..\src\util\StatusManager.h">
      <Filter>util</Filter>
    </ClInclude>
    <ClInclude Include="src\generated\xdr\Stellar-ledger-entries-asset.h">
      <Filter>xdr\generated</Filter>
    </ClInclude>
    <ClInclude Include="src\generated\xdr\Stellar-ledger-entries-account.h">
      <Filter>xdr\generated</Filter>
    </ClInclude>
    <ClInclude Include="src\generated\xdr\Stellar-ledger-entries-offer.h">
      <Filter>xdr\generated</Filter>
    </ClInclude>
    <ClInclude Include="src\generated\xdr\Stellar-ledger-entries-trustline.h">
      <Filter>xdr\generated</Filter>
    </ClInclude>
    <ClInclude Include="src\generated\xdr\Stellar-operation-account-merge.h">
      <Filter>xdr\generated</Filter>
    </ClInclude>
    <ClInclude Include="src\generated\xdr\Stellar-operation-allow-trust.h">
      <Filter>xdr\generated</Filter>
    </ClInclude>
    <ClInclude Include="src\generated\xdr\Stellar-operation-change-trust.h">
      <Filter>xdr\generated</Filter>
    </ClInclude>
    <ClInclude Include="src\generated\xdr\Stellar-operation-create-account.h">
      <Filter>xdr\generated</Filter>
    </ClInclude>
    <ClInclude Include="src\generated\xdr\Stellar-operation-create-passive-offer.h">
      <Filter>xdr\generated</Filter>
    </ClInclude>
    <ClInclude Include="src\generated\xdr\Stellar-operation-inflation.h">
      <Filter>xdr\generated</Filter>
    </ClInclude>
    <ClInclude Include="src\generated\xdr\Stellar-operation-path-payment.h">
      <Filter>xdr\generated</Filter>
    </ClInclude>
    <ClInclude Include="src\generated\xdr\Stellar-operation-payment.h">
      <Filter>xdr\generated</Filter>
    </ClInclude>
    <ClInclude Include="src\generated\xdr\Stellar-operation-set-options.h">
      <Filter>xdr\generated</Filter>
    </ClInclude>
    <ClInclude Include="..\..\src\transactions\SignatureValidator.h">
      <Filter>transactions</Filter>
    </ClInclude>
    <ClInclude Include="src\generated\xdr\Stellar-ledger-entries-coins-emission-request.h">
      <Filter>xdr\generated</Filter>
    </ClInclude>
    <ClInclude Include="src\generated\xdr\Stellar-operation-manage-coins-emission-request.h">
      <Filter>xdr\generated</Filter>
    </ClInclude>
    <ClInclude Include="..\..\src\ledger\FeeFrame.h">
      <Filter>ledger</Filter>
    </ClInclude>
    <ClInclude Include="..\..\src\transactions\SetFeesOpFrame.h">
      <Filter>transactions</Filter>
    </ClInclude>
    <ClInclude Include="..\..\src\transactions\ManageAccountOpFrame.h">
      <Filter>transactions</Filter>
    </ClInclude>
    <ClInclude Include="..\..\src\ledger\BalanceFrame.h">
      <Filter>ledger</Filter>
    </ClInclude>
    <ClInclude Include="..\..\src\ledger\PaymentRequestFrame.h">
      <Filter>ledger</Filter>
    </ClInclude>
    <ClInclude Include="..\..\src\ledger\AssetFrame.h">
      <Filter>ledger</Filter>
    </ClInclude>
    <ClInclude Include="..\..\src\transactions\ManageBalanceOpFrame.h">
      <Filter>transactions</Filter>
    </ClInclude>
    <ClInclude Include="src\generated\xdr\Stellar-ledger-entries-account-type-limits.h">
      <Filter>xdr\generated</Filter>
    </ClInclude>
    <ClInclude Include="src\generated\xdr\Stellar-ledger-entries-balance.h">
      <Filter>xdr\generated</Filter>
    </ClInclude>
    <ClInclude Include="src\generated\xdr\Stellar-ledger-entries-exchange.h">
      <Filter>xdr\generated</Filter>
    </ClInclude>
    <ClInclude Include="src\generated\xdr\Stellar-ledger-entries-fee.h">
      <Filter>xdr\generated</Filter>
    </ClInclude>
    <ClInclude Include="src\generated\xdr\Stellar-ledger-entries-forfeit-request.h">
      <Filter>xdr\generated</Filter>
    </ClInclude>
    <ClInclude Include="src\generated\xdr\Stellar-ledger-entries-reference.h">
      <Filter>xdr\generated</Filter>
    </ClInclude>
    <ClInclude Include="src\generated\xdr\Stellar-ledger-entries-payment-request.h">
      <Filter>xdr\generated</Filter>
    </ClInclude>
    <ClInclude Include="src\generated\xdr\Stellar-ledger-entries-recovery-request.h">
      <Filter>xdr\generated</Filter>
    </ClInclude>
    <ClInclude Include="src\generated\xdr\Stellar-ledger-entries-statistics.h">
      <Filter>xdr\generated</Filter>
    </ClInclude>
    <ClInclude Include="src\generated\xdr\Stellar-operation-demurrage.h">
      <Filter>xdr\generated</Filter>
    </ClInclude>
    <ClInclude Include="src\generated\xdr\Stellar-operation-emit-coins.h">
      <Filter>xdr\generated</Filter>
    </ClInclude>
    <ClInclude Include="src\generated\xdr\Stellar-operation-forfeit.h">
      <Filter>xdr\generated</Filter>
    </ClInclude>
    <ClInclude Include="src\generated\xdr\Stellar-operation-manage-account.h">
      <Filter>xdr\generated</Filter>
    </ClInclude>
    <ClInclude Include="src\generated\xdr\Stellar-operation-manage-asset.h">
      <Filter>xdr\generated</Filter>
    </ClInclude>
    <ClInclude Include="src\generated\xdr\Stellar-operation-manage-balance.h">
      <Filter>xdr\generated</Filter>
    </ClInclude>
    <ClInclude Include="src\generated\xdr\Stellar-operation-manage-forfeit-request.h">
      <Filter>xdr\generated</Filter>
    </ClInclude>
    <ClInclude Include="src\generated\xdr\Stellar-operation-manage-recovery-request.h">
      <Filter>xdr\generated</Filter>
    </ClInclude>
    <ClInclude Include="src\generated\xdr\Stellar-operation-recover.h">
      <Filter>xdr\generated</Filter>
    </ClInclude>
    <ClInclude Include="src\generated\xdr\Stellar-operation-review-coins-emission-request.h">
      <Filter>xdr\generated</Filter>
    </ClInclude>
    <ClInclude Include="src\generated\xdr\Stellar-operation-review-forfeit-request.h">
      <Filter>xdr\generated</Filter>
    </ClInclude>
    <ClInclude Include="src\generated\xdr\Stellar-operation-review-payment-request.h">
      <Filter>xdr\generated</Filter>
    </ClInclude>
    <ClInclude Include="src\generated\xdr\Stellar-operation-review-recovery-request.h">
      <Filter>xdr\generated</Filter>
    </ClInclude>
    <ClInclude Include="src\generated\xdr\Stellar-operation-set-fees.h">
      <Filter>xdr\generated</Filter>
    </ClInclude>
    <ClInclude Include="src\generated\xdr\Stellar-operation-upload-preemissions.h">
      <Filter>xdr\generated</Filter>
    </ClInclude>
    <ClInclude Include="..\..\src\ledger\AccountTypeLimitsFrame.h">
      <Filter>ledger</Filter>
    </ClInclude>
    <ClInclude Include="..\..\src\ledger\StatisticsFrame.h">
      <Filter>ledger</Filter>
    </ClInclude>
    <ClInclude Include="..\..\src\transactions\AccountManager.h">
      <Filter>transactions</Filter>
    </ClInclude>
    <ClInclude Include="src\generated\StellarCoreVersion.h">
      <Filter>xdr\generated</Filter>
    </ClInclude>
    <ClInclude Include="..\..\src\ledger\AssetPairFrame.h">
      <Filter>ledger</Filter>
    </ClInclude>
    <ClInclude Include="..\..\src\transactions\ManageAssetPairOpFrame.h">
      <Filter>transactions</Filter>
    </ClInclude>
    <ClInclude Include="..\..\src\ledger\OfferFrame.h">
      <Filter>ledger</Filter>
    </ClInclude>
    <ClInclude Include="..\..\src\ledger\AccountLimitsFrame.h">
      <Filter>ledger</Filter>
    </ClInclude>
    <ClInclude Include="..\..\src\ledger\TrustFrame.h">
      <Filter>ledger</Filter>
    </ClInclude>
    <ClInclude Include="..\..\src\transactions\DirectDebitOpFrame.h">
      <Filter>transactions</Filter>
    </ClInclude>
    <ClInclude Include="..\..\src\ledger\InvoiceFrame.h">
      <Filter>ledger</Filter>
    </ClInclude>
    <ClInclude Include="..\..\src\transactions\ManageInvoiceOpFrame.h">
      <Filter>transactions</Filter>
    </ClInclude>
    <ClInclude Include="..\..\src\transactions\CounterpartyDetails.h">
      <Filter>transactions</Filter>
    </ClInclude>
    <ClInclude Include="..\..\src\transactions\SourceDetails.h">
      <Filter>transactions</Filter>
    </ClInclude>
    <ClInclude Include="..\..\src\invariant\CacheIsConsistentWithDatabase.h">
      <Filter>invariant</Filter>
    </ClInclude>
    <ClInclude Include="..\..\src\invariant\Invariant.h">
      <Filter>invariant</Filter>
    </ClInclude>
    <ClInclude Include="..\..\src\invariant\InvariantDoesNotHold.h">
      <Filter>invariant</Filter>
    </ClInclude>
    <ClInclude Include="..\..\src\invariant\Invariants.h">
      <Filter>invariant</Filter>
    </ClInclude>
    <ClInclude Include="..\..\src\ledger\ReferenceFrame.h">
      <Filter>ledger</Filter>
    </ClInclude>
    <ClInclude Include="..\..\src\ledger\ReviewableRequestFrame.h">
      <Filter>ledger</Filter>
    </ClInclude>
    <ClInclude Include="..\..\src\database\Marshaler.h">
      <Filter>database</Filter>
    </ClInclude>
    <ClInclude Include="..\..\src\transactions\test\test_helper\Account.h">
      <Filter>transactions\test\helper</Filter>
    </ClInclude>
    <ClInclude Include="..\..\src\transactions\test\test_helper\ReviewAssetRequestHelper.h">
      <Filter>transactions\test\helper</Filter>
    </ClInclude>
    <ClInclude Include="..\..\src\transactions\test\test_helper\TestManager.h">
      <Filter>transactions\test\helper</Filter>
    </ClInclude>
    <ClInclude Include="..\..\src\transactions\test\test_helper\TxHelper.h">
      <Filter>transactions\test\helper</Filter>
    </ClInclude>
    <ClInclude Include="..\..\src\transactions\test\TxTests.h">
      <Filter>transactions\test</Filter>
    </ClInclude>
    <ClInclude Include="..\..\src\transactions\manage_asset\CancelAssetRequestOpFrame.h">
      <Filter>transactions\manage_asset</Filter>
    </ClInclude>
    <ClInclude Include="..\..\src\transactions\manage_asset\CreateAssetOpFrame.h">
      <Filter>transactions\manage_asset</Filter>
    </ClInclude>
    <ClInclude Include="..\..\src\transactions\manage_asset\ManageAssetOpFrame.h">
      <Filter>transactions\manage_asset</Filter>
    </ClInclude>
    <ClInclude Include="..\..\src\transactions\manage_asset\UpdateAssetOpFrame.h">
      <Filter>transactions\manage_asset</Filter>
    </ClInclude>
    <ClInclude Include="..\..\src\transactions\issuance\CreatePreIssuanceRequestOpFrame.h">
      <Filter>transactions\issuance</Filter>
    </ClInclude>
    <ClInclude Include="..\..\src\transactions\review_request\ReviewAssetCreationRequestOpFrame.h">
      <Filter>transactions\review_request</Filter>
    </ClInclude>
    <ClInclude Include="..\..\src\transactions\review_request\ReviewAssetUpdateRequestOpFrame.h">
      <Filter>transactions\review_request</Filter>
    </ClInclude>
    <ClInclude Include="..\..\src\transactions\review_request\ReviewPaymentRequestOpFrame.h">
      <Filter>transactions\review_request</Filter>
    </ClInclude>
    <ClInclude Include="..\..\src\transactions\review_request\ReviewPreIssuanceCreationRequestOpFrame.h">
      <Filter>transactions\review_request</Filter>
    </ClInclude>
    <ClInclude Include="..\..\src\transactions\review_request\ReviewRequestOpFrame.h">
      <Filter>transactions\review_request</Filter>
    </ClInclude>
    <ClInclude Include="..\..\src\transactions\issuance\CreateIssuanceRequestOpFrame.h">
      <Filter>transactions\issuance</Filter>
    </ClInclude>
    <ClInclude Include="..\..\src\transactions\review_request\ReviewIssuanceCreationRequestOpFrame.h">
      <Filter>transactions\review_request</Filter>
    </ClInclude>
    <ClInclude Include="..\..\src\transactions\test\test_helper\IssuanceRequestHelper.h">
      <Filter>transactions\test\helper</Filter>
    </ClInclude>
    <ClInclude Include="..\..\src\transactions\test\test_helper\ReviewPreIssuanceRequestHelper.h">
      <Filter>transactions\test\helper</Filter>
    </ClInclude>
    <ClInclude Include="..\..\src\transactions\test\test_helper\ReviewIssuanceRequestHelper.h">
      <Filter>transactions\test\helper</Filter>
    </ClInclude>
    <ClInclude Include="..\..\lib\catcher.cpp">
      <Filter>lib</Filter>
    </ClInclude>
    <ClInclude Include="..\..\src\ledger\ExternalSystemAccountID.h">
      <Filter>ledger</Filter>
    </ClInclude>
    <ClInclude Include="..\..\src\exsysidgen\BTCIDGenerator.h">
      <Filter>exsysidgen</Filter>
    </ClInclude>
    <ClInclude Include="..\..\src\exsysidgen\ETHIDGenerator.h">
      <Filter>exsysidgen</Filter>
    </ClInclude>
    <ClInclude Include="..\..\src\exsysidgen\ExternalSystemIDGenerators.h">
      <Filter>exsysidgen</Filter>
    </ClInclude>
    <ClInclude Include="..\..\src\exsysidgen\Generator.h">
      <Filter>exsysidgen</Filter>
    </ClInclude>
    <ClInclude Include="..\..\src\transactions\review_request\ReviewRequestHelper.h">
      <Filter>transactions\review_request</Filter>
    </ClInclude>
    <ClInclude Include="..\..\src\transactions\test\test_helper\ReviewRequestTestHelper.h">
      <Filter>transactions\test\helper</Filter>
    </ClInclude>
    <ClInclude Include="..\..\src\ledger\EntryHelperLegacy.h">
      <Filter>ledger</Filter>
    </ClInclude>
    <ClInclude Include="..\..\src\ledger\AccountHelper.h">
      <Filter>ledger</Filter>
    </ClInclude>
    <ClInclude Include="..\..\src\ledger\AccountLimitsHelper.h">
      <Filter>ledger</Filter>
    </ClInclude>
    <ClInclude Include="..\..\src\ledger\AccountTypeLimitsHelper.h">
      <Filter>ledger</Filter>
    </ClInclude>
    <ClInclude Include="..\..\src\ledger\AssetHelper.h">
      <Filter>ledger</Filter>
    </ClInclude>
    <ClInclude Include="..\..\src\ledger\AssetPairHelper.h">
      <Filter>ledger</Filter>
    </ClInclude>
    <ClInclude Include="..\..\src\ledger\BalanceHelper.h">
      <Filter>ledger</Filter>
    </ClInclude>
    <ClInclude Include="..\..\src\ledger\FeeHelper.h">
      <Filter>ledger</Filter>
    </ClInclude>
    <ClInclude Include="..\..\src\ledger\InvoiceHelper.h">
      <Filter>ledger</Filter>
    </ClInclude>
    <ClInclude Include="..\..\src\ledger\OfferHelper.h">
      <Filter>ledger</Filter>
    </ClInclude>
    <ClInclude Include="..\..\src\ledger\PaymentRequestHelper.h">
      <Filter>ledger</Filter>
    </ClInclude>
    <ClInclude Include="..\..\src\ledger\ReferenceHelper.h">
      <Filter>ledger</Filter>
    </ClInclude>
    <ClInclude Include="..\..\src\ledger\ReviewableRequestHelper.h">
      <Filter>ledger</Filter>
    </ClInclude>
    <ClInclude Include="..\..\src\ledger\StatisticsHelper.h">
      <Filter>ledger</Filter>
    </ClInclude>
    <ClInclude Include="..\..\src\ledger\TrustHelper.h">
      <Filter>ledger</Filter>
    </ClInclude>
    <ClInclude Include="..\..\src\ledger\ExternalSystemAccountIDHelperLegacy.h">
      <Filter>ledger</Filter>
    </ClInclude>
    <ClInclude Include="..\..\src\transactions\manage_asset\ManageAssetHelper.h">
      <Filter>transactions\manage_asset</Filter>
    </ClInclude>
    <ClInclude Include="..\..\src\transactions\test\test_helper\ManageAssetTestHelper.h">
      <Filter>transactions\test\helper</Filter>
    </ClInclude>
    <ClInclude Include="..\..\src\transactions\CreateWithdrawalRequestOpFrame.h">
      <Filter>transactions</Filter>
    </ClInclude>
    <ClInclude Include="..\..\src\transactions\review_request\ReviewWithdrawalRequestOpFrame.h">
      <Filter>transactions\review_request</Filter>
    </ClInclude>
    <ClInclude Include="..\..\src\transactions\test\test_helper\WithdrawRequestHelper.h">
      <Filter>transactions\test\helper</Filter>
    </ClInclude>
    <ClInclude Include="..\..\src\transactions\test\test_helper\ReviewWithdrawalRequestHelper.h">
      <Filter>transactions\test\helper</Filter>
    </ClInclude>
    <ClInclude Include="..\..\src\transactions\test\test_helper\CreateAccountTestHelper.h">
      <Filter>transactions\test\helper</Filter>
    </ClInclude>
    <ClInclude Include="..\..\src\ledger\SaleFrame.h">
      <Filter>ledger</Filter>
    </ClInclude>
    <ClInclude Include="..\..\src\ledger\SaleHelper.h">
      <Filter>ledger</Filter>
    </ClInclude>
    <ClInclude Include="..\..\src\transactions\CreateSaleCreationRequestOpFrame.h">
      <Filter>transactions</Filter>
    </ClInclude>
    <ClInclude Include="..\..\src\transactions\review_request\ReviewSaleCreationRequestOpFrame.h">
      <Filter>transactions\review_request</Filter>
    </ClInclude>
    <ClInclude Include="..\..\src\transactions\test\test_helper\SaleRequestHelper.h">
      <Filter>transactions\test\helper</Filter>
    </ClInclude>
    <ClInclude Include="..\..\src\transactions\test\test_helper\ReviewSaleRequestHelper.h">
      <Filter>transactions\test\helper</Filter>
    </ClInclude>
    <ClInclude Include="..\..\src\transactions\test\test_helper\ManageAssetPairTestHelper.h">
      <Filter>transactions\test\helper</Filter>
    </ClInclude>
    <ClInclude Include="..\..\src\transactions\test\test_helper\ManageOfferTestHelper.h">
      <Filter>transactions\test\helper</Filter>
    </ClInclude>
    <ClInclude Include="..\..\src\transactions\dex\OfferExchange.h">
      <Filter>transactions\dex</Filter>
    </ClInclude>
    <ClInclude Include="..\..\src\transactions\CheckSaleStateOpFrame.h">
      <Filter>transactions</Filter>
    </ClInclude>
    <ClInclude Include="..\..\src\transactions\dex\OfferManager.h">
      <Filter>transactions\dex</Filter>
    </ClInclude>
    <ClInclude Include="..\..\src\transactions\FeesManager.h">
      <Filter>transactions</Filter>
    </ClInclude>
    <ClInclude Include="..\..\src\transactions\test\test_helper\ParticipateInSaleTestHelper.h">
      <Filter>transactions\test\helper</Filter>
    </ClInclude>
    <ClInclude Include="..\..\src\transactions\test\test_helper\CheckSaleStateTestHelper.h">
      <Filter>transactions\test\helper</Filter>
    </ClInclude>
    <ClInclude Include="..\..\src\transactions\test\test_helper\ManageBalanceTestHelper.h">
      <Filter>transactions\test\helper</Filter>
    </ClInclude>
    <ClInclude Include="..\..\lib\coincore\src\Base58Check.h">
      <Filter>lib\coincore</Filter>
    </ClInclude>
    <ClInclude Include="..\..\lib\coincore\src\BigInt.h">
      <Filter>lib\coincore</Filter>
    </ClInclude>
    <ClInclude Include="..\..\lib\coincore\src\CoinKey.h">
      <Filter>lib\coincore</Filter>
    </ClInclude>
    <ClInclude Include="..\..\lib\coincore\src\encodings.h">
      <Filter>lib\coincore</Filter>
    </ClInclude>
    <ClInclude Include="..\..\lib\coincore\src\hash.h">
      <Filter>lib\coincore</Filter>
    </ClInclude>
    <ClInclude Include="..\..\lib\coincore\src\hdkeys.h">
      <Filter>lib\coincore</Filter>
    </ClInclude>
    <ClInclude Include="..\..\lib\coincore\src\HexCheck.h">
      <Filter>lib\coincore</Filter>
    </ClInclude>
    <ClInclude Include="..\..\lib\coincore\src\numericdata.h">
      <Filter>lib\coincore</Filter>
    </ClInclude>
    <ClInclude Include="..\..\lib\coincore\src\secp256k1_openssl.h">
      <Filter>lib\coincore</Filter>
    </ClInclude>
    <ClInclude Include="..\..\lib\coincore\src\typedefs.h">
      <Filter>lib\coincore</Filter>
    </ClInclude>
    <ClInclude Include="..\..\lib\coincore\src\uchar_vector.h">
      <Filter>lib\coincore</Filter>
    </ClInclude>
    <ClInclude Include="..\..\lib\coincore\src\uint256.h">
      <Filter>lib\coincore</Filter>
    </ClInclude>
    <ClInclude Include="..\..\lib\coincore\src\hashfunc\sph_blake.h">
      <Filter>lib\coincore\hashfunc</Filter>
    </ClInclude>
    <ClInclude Include="..\..\lib\coincore\src\hashfunc\sph_bmw.h">
      <Filter>lib\coincore\hashfunc</Filter>
    </ClInclude>
    <ClInclude Include="..\..\lib\coincore\src\hashfunc\sph_groestl.h">
      <Filter>lib\coincore\hashfunc</Filter>
    </ClInclude>
    <ClInclude Include="..\..\lib\coincore\src\hashfunc\sph_jh.h">
      <Filter>lib\coincore\hashfunc</Filter>
    </ClInclude>
    <ClInclude Include="..\..\lib\coincore\src\hashfunc\sph_keccak.h">
      <Filter>lib\coincore\hashfunc</Filter>
    </ClInclude>
    <ClInclude Include="..\..\lib\coincore\src\hashfunc\sph_skein.h">
      <Filter>lib\coincore\hashfunc</Filter>
    </ClInclude>
    <ClInclude Include="..\..\lib\coincore\src\hashfunc\sph_types.h">
      <Filter>lib\coincore\hashfunc</Filter>
    </ClInclude>
    <ClInclude Include="..\..\src\exsysidgen\Secp256k1IDGenerator.h">
      <Filter>exsysidgen</Filter>
    </ClInclude>
    <ClInclude Include="..\..\src\transactions\dex\CreateOfferOpFrame.h">
      <Filter>transactions\dex</Filter>
    </ClInclude>
    <ClInclude Include="..\..\src\transactions\dex\CreateSaleParticipationOpFrame.h">
      <Filter>transactions\dex</Filter>
    </ClInclude>
    <ClInclude Include="..\..\src\transactions\dex\DeleteOfferOpFrame.h">
      <Filter>transactions\dex</Filter>
    </ClInclude>
    <ClInclude Include="..\..\src\transactions\dex\DeleteSaleParticipationOpFrame.h">
      <Filter>transactions\dex</Filter>
    </ClInclude>
    <ClInclude Include="..\..\src\transactions\dex\ManageOfferOpFrame.h">
      <Filter>transactions\dex</Filter>
    </ClInclude>
    <ClInclude Include="..\..\src\transactions\review_request\ReviewTwoStepWithdrawalRequestOpFrame.h">
      <Filter>transactions\review_request</Filter>
    </ClInclude>
    <ClInclude Include="..\..\src\transactions\test\test_helper\ReviewTwoStepWithdrawalRequestHelper.h">
      <Filter>transactions\test\helper</Filter>
    </ClInclude>
    <ClInclude Include="..\..\src\transactions\review_request\ReviewLimitsUpdateRequestOpFrame.h">
      <Filter>transactions\review_request</Filter>
    </ClInclude>
    <ClInclude Include="..\..\src\transactions\test\test_helper\SetOptionsTestHelper.h">
      <Filter>transactions\test\helper</Filter>
    </ClInclude>
    <ClInclude Include="..\..\src\ledger\SaleQuoteAssetHelper.h">
      <Filter>ledger</Filter>
    </ClInclude>
    <ClInclude Include="..\..\src\transactions\test\test_helper\ManageAccountTestHelper.h">
      <Filter>transactions\test\helper</Filter>
    </ClInclude>
    <ClInclude Include="..\..\src\transactions\CreateAMLAlertRequestOpFrame.h">
      <Filter>transactions</Filter>
    </ClInclude>
    <ClInclude Include="..\..\src\transactions\review_request\ReviewAMLAlertRequestOpFrame.h">
      <Filter>transactions\review_request</Filter>
    </ClInclude>
    <ClInclude Include="..\..\src\transactions\test\test_helper\ManageAMLAlertTestHelper.h">
      <Filter>transactions\test\helper</Filter>
    </ClInclude>
    <ClInclude Include="..\..\src\transactions\test\test_helper\ReviewAMLAlertRequestHelper.h">
      <Filter>transactions\test\helper</Filter>
    </ClInclude>
    <ClInclude Include="..\..\src\transactions\test\test_helper\StateBeforeTxHelper.h">
      <Filter>transactions\test\helper</Filter>
    </ClInclude>
    <ClInclude Include="..\..\src\transactions\manage_asset\ChangeAssetPreIssuerOpFrame.h">
      <Filter>transactions\manage_asset</Filter>
    </ClInclude>
    <ClInclude Include="..\..\src\ledger\AccountKYCFrame.h">
      <Filter>ledger</Filter>
    </ClInclude>
    <ClInclude Include="..\..\src\ledger\AccountKYCHelper.h">
      <Filter>ledger</Filter>
    </ClInclude>
    <ClInclude Include="..\..\src\transactions\kyc\CreateKYCReviewableRequestOpFrame.h">
      <Filter>transactions\kyc</Filter>
    </ClInclude>
    <ClInclude Include="..\..\src\transactions\review_request\ReviewUpdateKYCRequestOpFrame.h">
      <Filter>transactions\review_request</Filter>
    </ClInclude>
    <ClInclude Include="..\..\src\transactions\PaymentOpFrame.h" />
    <ClInclude Include="..\..\src\transactions\payment\PaymentOpFrame.h">
      <Filter>transactions\payment</Filter>
    </ClInclude>
    <ClInclude Include="..\..\src\transactions\payment\PaymentOpV2Frame.h">
      <Filter>transactions\payment</Filter>
    </ClInclude>
    <ClInclude Include="..\..\src\transactions\test\test_helper\SetFeesTestHelper.h">
      <Filter>transactions\test\helper</Filter>
    </ClInclude>
    <ClInclude Include="..\..\src\ledger\ExternalSystemAccountIDPoolEntry.h">
      <Filter>ledger</Filter>
    </ClInclude>
    <ClInclude Include="..\..\src\ledger\ExternalSystemAccountIDPoolEntryHelperLegacy.h">
      <Filter>ledger</Filter>
    </ClInclude>
    <ClInclude Include="..\..\src\ledger\KeyValueEntryFrame.h">
      <Filter>ledger</Filter>
    </ClInclude>
    <ClInclude Include="..\..\src\ledger\KeyValueHelperLegacy.h">
      <Filter>ledger</Filter>
    </ClInclude>
    <ClInclude Include="..\..\src\transactions\ManageKeyValueOpFrame.h">
      <Filter>transactions</Filter>
    </ClInclude>
    <ClInclude Include="..\..\src\transactions\test\test_helper\BindExternalSystemAccountIdTestHelper.h">
      <Filter>transactions\test\helper</Filter>
    </ClInclude>
    <ClInclude Include="..\..\src\transactions\test\test_helper\CreateKYCReviewableRequestTestHelper.h">
      <Filter>transactions\test\helper</Filter>
    </ClInclude>
    <ClInclude Include="..\..\src\transactions\test\test_helper\LimitsUpdateRequestHelper.h">
      <Filter>transactions\test\helper</Filter>
    </ClInclude>
    <ClInclude Include="..\..\src\transactions\test\test_helper\ManageExternalSystemAccountIDPoolEntryTestHelper.h">
      <Filter>transactions\test\helper</Filter>
    </ClInclude>
    <ClInclude Include="..\..\src\transactions\test\test_helper\ManageKeyValueTestHelper.h">
      <Filter>transactions\test\helper</Filter>
    </ClInclude>
    <ClInclude Include="..\..\src\transactions\test\test_helper\ManageSaleTestHelper.h">
      <Filter>transactions\test\helper</Filter>
    </ClInclude>
    <ClInclude Include="..\..\src\transactions\test\test_helper\PaymentV2TestHelper.h">
      <Filter>transactions\test\helper</Filter>
    </ClInclude>
    <ClInclude Include="..\..\src\transactions\test\test_helper\ReviewLimitsUpdateRequestHelper.h">
      <Filter>transactions\test\helper</Filter>
    </ClInclude>
    <ClInclude Include="..\..\src\transactions\test\test_helper\ReviewUpdateKYCRequestHelper.h">
      <Filter>transactions\test\helper</Filter>
    </ClInclude>
    <ClInclude Include="..\..\src\transactions\test\test_helper\ReviewUpdateSaleDetailsRequestHelper.h">
      <Filter>transactions\test\helper</Filter>
    </ClInclude>
    <ClInclude Include="..\..\src\transactions\review_request\ReviewUpdateSaleDetailsRequestOpFrame.h">
      <Filter>transactions\review_request</Filter>
    </ClInclude>
    <ClInclude Include="..\..\src\transactions\BindExternalSystemAccountIdOpFrame.h">
      <Filter>transactions</Filter>
    </ClInclude>
    <ClInclude Include="..\..\src\transactions\manage_external_system_account_id_pool\CreateExternalSystemAccountIDPoolEntryOpFrame.h">
      <Filter>transactions\manage_external_system_account_id_pool</Filter>
    </ClInclude>
    <ClInclude Include="..\..\src\transactions\manage_external_system_account_id_pool\DeleteExternalSystemAccountIDPoolEntryOpFrame.h">
      <Filter>transactions\manage_external_system_account_id_pool</Filter>
    </ClInclude>
    <ClInclude Include="..\..\src\transactions\manage_external_system_account_id_pool\ManageExternalSystemAccountIDPoolEntryOpFrame.h">
      <Filter>transactions\manage_external_system_account_id_pool</Filter>
    </ClInclude>
    <ClInclude Include="..\..\src\transactions\manage_asset\ChangeAssetMaxIssuanceOpFrame.h">
      <Filter>transactions\manage_asset</Filter>
    </ClInclude>
    <ClInclude Include="..\..\src\transactions\dex\ManageSaleOpFrame.h">
      <Filter>transactions\dex</Filter>
    </ClInclude>
    <ClInclude Include="..\..\src\ledger\SaleAnteFrame.h">
      <Filter>ledger</Filter>
    </ClInclude>
    <ClInclude Include="..\..\src\ledger\SaleAnteHelper.h">
      <Filter>ledger</Filter>
    </ClInclude>
    <ClInclude Include="..\..\src\ledger\LimitsV2Frame.h">
      <Filter>ledger</Filter>
    </ClInclude>
    <ClInclude Include="..\..\src\ledger\LimitsV2Helper.h">
      <Filter>ledger</Filter>
    </ClInclude>
    <ClInclude Include="..\..\src\ledger\PendingStatisticsFrame.h">
      <Filter>ledger</Filter>
    </ClInclude>
    <ClInclude Include="..\..\src\ledger\PendingStatisticsHelper.h">
      <Filter>ledger</Filter>
    </ClInclude>
    <ClInclude Include="..\..\src\ledger\StatisticsV2Frame.h">
      <Filter>ledger</Filter>
    </ClInclude>
    <ClInclude Include="..\..\src\ledger\StatisticsV2Helper.h">
      <Filter>ledger</Filter>
    </ClInclude>
    <ClInclude Include="..\..\src\transactions\StatisticsV2Processor.h">
      <Filter>transactions</Filter>
    </ClInclude>
    <ClInclude Include="..\..\src\transactions\ManageLimitsOpFrame.h">
      <Filter>transactions</Filter>
    </ClInclude>
    <ClInclude Include="..\..\src\transactions\test\test_helper\ManageLimitsTestHelper.h">
      <Filter>transactions\test\helper</Filter>
    </ClInclude>
    <ClInclude Include="..\..\src\transactions\CreateManageLimitsRequestOpFrame.h">
      <Filter>transactions</Filter>
    </ClInclude>
    <ClInclude Include="..\..\src\transactions\review_request\ReviewPromotionUpdateRequestOpFrame.h">
      <Filter>transactions\review_request</Filter>
    </ClInclude>
    <ClInclude Include="..\..\src\transactions\review_request\ReviewUpdateSaleEndTimeRequestOpFrame.h">
      <Filter>transactions\review_request</Filter>
    </ClInclude>
    <ClInclude Include="..\..\src\transactions\test\test_helper\ReviewPromotionUpdateRequestTestHelper.h">
      <Filter>transactions\test\helper</Filter>
    </ClInclude>
    <ClInclude Include="..\..\src\transactions\test\test_helper\ReviewUpdateSaleEndTimeRequestHelper.h">
      <Filter>transactions\test\helper</Filter>
    </ClInclude>
    <ClInclude Include="..\..\src\transactions\test\mocks\MockApplication.h">
      <Filter>transactions\test\mocks</Filter>
    </ClInclude>
    <ClInclude Include="..\..\src\transactions\test\mocks\MockLedgerManager.h">
      <Filter>transactions\test\mocks</Filter>
    </ClInclude>
    <ClInclude Include="..\..\src\transactions\TransactionFrameImpl.h">
      <Filter>transactions</Filter>
    </ClInclude>
    <ClInclude Include="..\..\src\transactions\test\mocks\MockTransactionFrame.h">
      <Filter>transactions\test\mocks</Filter>
    </ClInclude>
    <ClInclude Include="..\..\src\transactions\test\mocks\MockDatabase.h">
      <Filter>transactions\test\mocks</Filter>
    </ClInclude>
    <ClInclude Include="..\..\src\ledger\StorageHelper.h">
      <Filter>ledger</Filter>
    </ClInclude>
    <ClInclude Include="..\..\src\ledger\StorageHelperImpl.h">
      <Filter>ledger</Filter>
    </ClInclude>
  </ItemGroup>
  <ItemGroup>
    <None Include="..\..\AUTHORS" />
    <None Include="..\..\ChangeLog" />
    <None Include="..\..\COPYING" />
    <None Include="..\..\NEWS" />
    <None Include="..\..\lib\xdrpp\tests\xdrtest.x">
      <Filter>lib\xdrpp</Filter>
    </None>
    <None Include="libmedida\libmedida.vcxproj" />
    <None Include="..\..\README.md" />
    <None Include="..\..\autogen.sh" />
    <None Include="..\..\Makefile.am" />
    <None Include="..\..\src\bucket\readme.md">
      <Filter>bucket</Filter>
    </None>
    <None Include="..\..\src\crypto\readme.md">
      <Filter>crypto</Filter>
    </None>
    <None Include="..\..\src\database\readme.md">
      <Filter>database</Filter>
    </None>
    <None Include="..\..\src\history\readme.md">
      <Filter>history</Filter>
    </None>
    <None Include="..\..\src\ledger\readme.md">
      <Filter>ledger</Filter>
    </None>
    <None Include="..\..\src\transactions\readme.md">
      <Filter>transactions</Filter>
    </None>
    <None Include="..\..\src\overlay\readme.md">
      <Filter>overlay</Filter>
    </None>
    <None Include="..\..\src\scp\readme.md">
      <Filter>scp</Filter>
    </None>
    <None Include="..\..\src\herder\readme.md">
      <Filter>herder\docs</Filter>
    </None>
    <None Include="..\..\INSTALL.md" />
    <None Include="..\..\docs\architecture.md">
      <Filter>docs</Filter>
    </None>
    <None Include="..\..\docs\db-schema.md">
      <Filter>docs</Filter>
    </None>
    <None Include="..\..\docs\fuzzing.md">
      <Filter>docs</Filter>
    </None>
    <None Include="..\..\docs\history.md">
      <Filter>docs</Filter>
    </None>
    <None Include="..\..\docs\ledger.md">
      <Filter>docs</Filter>
    </None>
    <None Include="..\..\docs\readme.md">
      <Filter>docs</Filter>
    </None>
    <None Include="..\..\docs\stellar-core_example.cfg">
      <Filter>docs</Filter>
    </None>
    <None Include="..\..\docs\stellar-core_standalone.cfg">
      <Filter>docs</Filter>
    </None>
    <None Include="..\..\docs\stellar-core_testnet.cfg">
      <Filter>docs</Filter>
    </None>
    <None Include="..\..\docs\transaction.md">
      <Filter>docs</Filter>
    </None>
    <None Include="..\..\docs\versioning.md">
      <Filter>docs</Filter>
    </None>
    <None Include="..\..\docs\learn\admin.md">
      <Filter>docs</Filter>
    </None>
    <None Include="..\..\docs\learn\commands.md">
      <Filter>docs</Filter>
    </None>
    <None Include="..\..\docs\learn\testnet.md">
      <Filter>docs</Filter>
    </None>
  </ItemGroup>
  <ItemGroup>
    <Text Include="..\..\INSTALL-Windows.txt" />
  </ItemGroup>
  <ItemGroup>
    <CustomBuild Include="..\..\src\xdr\Stellar-ledger.x">
      <Filter>xdr</Filter>
    </CustomBuild>
    <CustomBuild Include="..\..\src\xdr\Stellar-ledger-entries.x">
      <Filter>xdr</Filter>
    </CustomBuild>
    <CustomBuild Include="..\..\src\xdr\Stellar-ledger-entries-account.x">
      <Filter>xdr</Filter>
    </CustomBuild>
    <CustomBuild Include="..\..\src\xdr\Stellar-ledger-entries-account-limits.x">
      <Filter>xdr</Filter>
    </CustomBuild>
    <CustomBuild Include="..\..\src\xdr\Stellar-ledger-entries-account-type-limits.x">
      <Filter>xdr</Filter>
    </CustomBuild>
    <CustomBuild Include="..\..\src\xdr\Stellar-ledger-entries-asset.x">
      <Filter>xdr</Filter>
    </CustomBuild>
    <CustomBuild Include="..\..\src\xdr\Stellar-ledger-entries-asset-pair.x">
      <Filter>xdr</Filter>
    </CustomBuild>
    <CustomBuild Include="..\..\src\xdr\Stellar-ledger-entries-balance.x">
      <Filter>xdr</Filter>
    </CustomBuild>
    <CustomBuild Include="..\..\src\xdr\Stellar-ledger-entries-fee.x">
      <Filter>xdr</Filter>
    </CustomBuild>
    <CustomBuild Include="..\..\src\xdr\Stellar-ledger-entries-invoice.x">
      <Filter>xdr</Filter>
    </CustomBuild>
    <CustomBuild Include="..\..\src\xdr\Stellar-ledger-entries-offer.x">
      <Filter>xdr</Filter>
    </CustomBuild>
    <CustomBuild Include="..\..\src\xdr\Stellar-ledger-entries-payment-request.x">
      <Filter>xdr</Filter>
    </CustomBuild>
    <CustomBuild Include="..\..\src\xdr\Stellar-ledger-entries-statistics.x">
      <Filter>xdr</Filter>
    </CustomBuild>
    <CustomBuild Include="..\..\src\xdr\Stellar-operation-create-account.x">
      <Filter>xdr</Filter>
    </CustomBuild>
    <CustomBuild Include="..\..\src\xdr\Stellar-operation-direct-debit.x">
      <Filter>xdr</Filter>
    </CustomBuild>
    <CustomBuild Include="..\..\src\xdr\Stellar-operation-manage-account.x">
      <Filter>xdr</Filter>
    </CustomBuild>
    <CustomBuild Include="..\..\src\xdr\Stellar-operation-manage-asset.x">
      <Filter>xdr</Filter>
    </CustomBuild>
    <CustomBuild Include="..\..\src\xdr\Stellar-operation-manage-asset-pair.x">
      <Filter>xdr</Filter>
    </CustomBuild>
    <CustomBuild Include="..\..\src\xdr\Stellar-operation-manage-balance.x">
      <Filter>xdr</Filter>
    </CustomBuild>
    <CustomBuild Include="..\..\src\xdr\Stellar-operation-manage-invoice.x">
      <Filter>xdr</Filter>
    </CustomBuild>
    <CustomBuild Include="..\..\src\xdr\Stellar-operation-manage-offer.x">
      <Filter>xdr</Filter>
    </CustomBuild>
    <CustomBuild Include="..\..\src\xdr\Stellar-operation-payment.x">
      <Filter>xdr</Filter>
    </CustomBuild>
    <CustomBuild Include="..\..\src\xdr\Stellar-operation-review-payment-request.x">
      <Filter>xdr</Filter>
    </CustomBuild>
    <CustomBuild Include="..\..\src\xdr\Stellar-operation-set-fees.x">
      <Filter>xdr</Filter>
    </CustomBuild>
    <CustomBuild Include="..\..\src\xdr\Stellar-operation-set-options.x">
      <Filter>xdr</Filter>
    </CustomBuild>
    <CustomBuild Include="..\..\src\xdr\Stellar-overlay.x">
      <Filter>xdr</Filter>
    </CustomBuild>
    <CustomBuild Include="..\..\src\xdr\Stellar-SCP.x">
      <Filter>xdr</Filter>
    </CustomBuild>
    <CustomBuild Include="..\..\src\xdr\Stellar-transaction.x">
      <Filter>xdr</Filter>
    </CustomBuild>
    <CustomBuild Include="..\..\src\xdr\Stellar-types.x">
      <Filter>xdr</Filter>
    </CustomBuild>
    <CustomBuild Include="..\..\src\xdr\Stellar-reviewable-request-asset.x">
      <Filter>xdr</Filter>
    </CustomBuild>
    <CustomBuild Include="..\..\src\xdr\Stellar-ledger-entries-reviewable-request.x">
      <Filter>xdr</Filter>
    </CustomBuild>
    <CustomBuild Include="..\..\src\xdr\Stellar-operation-review-request.x">
      <Filter>xdr</Filter>
    </CustomBuild>
    <CustomBuild Include="..\..\src\xdr\Stellar-reviewable-request-issuance.x">
      <Filter>xdr</Filter>
    </CustomBuild>
    <CustomBuild Include="..\..\src\xdr\Stellar-operation-create-preissuance-request.x">
      <Filter>xdr</Filter>
    </CustomBuild>
    <CustomBuild Include="..\..\src\xdr\Stellar-ledger-entries-reference.x">
      <Filter>xdr</Filter>
    </CustomBuild>
    <CustomBuild Include="..\..\src\xdr\Stellar-operation-create-issuance-request.x">
      <Filter>xdr</Filter>
    </CustomBuild>
    <CustomBuild Include="..\..\src\xdr\Stellar-ledger-entries-external-system-id.x">
      <Filter>xdr</Filter>
    </CustomBuild>
    <CustomBuild Include="..\..\src\xdr\Stellar-operation-create-withdrawal-request.x">
      <Filter>xdr</Filter>
    </CustomBuild>
    <CustomBuild Include="..\..\src\xdr\Stellar-reviewable-request-withdrawal.x">
      <Filter>xdr</Filter>
    </CustomBuild>
    <CustomBuild Include="..\..\src\xdr\Stellar-reviewable-request-sale.x">
      <Filter>xdr</Filter>
    </CustomBuild>
    <CustomBuild Include="..\..\src\xdr\Stellar-operation-create-sale-creation-request.x">
      <Filter>xdr</Filter>
    </CustomBuild>
    <CustomBuild Include="..\..\src\xdr\Stellar-ledger-entries-sale.x">
      <Filter>xdr</Filter>
    </CustomBuild>
    <CustomBuild Include="..\..\src\xdr\Stellar-operation-check-sale-state.x">
      <Filter>xdr</Filter>
    </CustomBuild>
    <CustomBuild Include="..\..\src\xdr\Stellar-reviewable-request-limits-update.x">
      <Filter>xdr</Filter>
    </CustomBuild>
    <CustomBuild Include="..\..\src\xdr\Stellar-operation-create-AML-alert-request.x">
      <Filter>xdr</Filter>
    </CustomBuild>
    <CustomBuild Include="..\..\src\xdr\Stellar-reviewable-request-AML-alert.x">
      <Filter>xdr</Filter>
    </CustomBuild>
    <CustomBuild Include="..\..\src\xdr\Stellar-ledger-entries-account-KYC.x">
      <Filter>xdr</Filter>
    </CustomBuild>
    <CustomBuild Include="..\..\src\xdr\Stellar-reviewable-request-update-KYC.x">
      <Filter>xdr</Filter>
    </CustomBuild>
    <CustomBuild Include="..\..\src\xdr\Stellar-operation-create-KYC-request.x">
      <Filter>xdr</Filter>
    </CustomBuild>
    <CustomBuild Include="..\..\src\xdr\Stellar-operation-payment-v2.x">
      <Filter>xdr</Filter>
    </CustomBuild>
    <CustomBuild Include="..\..\src\xdr\Stellar-reviewable-request-update-sale-details.x">
      <Filter>xdr</Filter>
    </CustomBuild>
    <CustomBuild Include="..\..\src\xdr\Stellar-ledger-entries-external-system-id-pool-entry.x">
      <Filter>xdr</Filter>
    </CustomBuild>
    <CustomBuild Include="..\..\src\xdr\Stellar-operation-manage-external-system-id-pool-entry.x">
      <Filter>xdr</Filter>
    </CustomBuild>
    <CustomBuild Include="..\..\src\xdr\Stellar-operation-bind-external-system-id.x">
      <Filter>xdr</Filter>
    </CustomBuild>
    <CustomBuild Include="..\..\src\xdr\Stellar-operation-manage-sale.x">
      <Filter>xdr</Filter>
    </CustomBuild>
    <CustomBuild Include="..\..\src\xdr\Stellar-ledger-entries-key-value.x">
      <Filter>xdr</Filter>
    </CustomBuild>
    <CustomBuild Include="..\..\src\xdr\Stellar-operation-manage-key-value.x">
      <Filter>xdr</Filter>
    </CustomBuild>
    <CustomBuild Include="..\..\src\xdr\Stellar-ledger-entries-sale-ante.x">
      <Filter>xdr</Filter>
    </CustomBuild>
    <CustomBuild Include="..\..\src\xdr\Stellar-ledger-entries-limits-v2.x">
      <Filter>xdr</Filter>
    </CustomBuild>
    <CustomBuild Include="..\..\src\xdr\Stellar-ledger-entries-pending-statistics.x">
      <Filter>xdr</Filter>
    </CustomBuild>
    <CustomBuild Include="..\..\src\xdr\Stellar-ledger-entries-statistics-v2.x">
      <Filter>xdr</Filter>
    </CustomBuild>
    <CustomBuild Include="..\..\src\xdr\Stellar-operation-manage-limits.x">
      <Filter>xdr</Filter>
    </CustomBuild>
    <CustomBuild Include="..\..\src\xdr\Stellar-operation-create-manage-limits-request.x">
      <Filter>xdr</Filter>
    </CustomBuild>
    <CustomBuild Include="..\..\src\xdr\Stellar-reviewable-request-update-sale-end-time.x">
      <Filter>xdr</Filter>
    </CustomBuild>
    <CustomBuild Include="..\..\src\xdr\Stellar-reviewable-request-update-promotion.x">
      <Filter>xdr</Filter>
    </CustomBuild>
  </ItemGroup>
</Project>